// !$*UTF8*$!
{
	archiveVersion = 1;
	classes = {
	};
	objectVersion = 55;
	objects = {

/* Begin PBXBuildFile section */
		02782E1427745FF5002076BD /* AppDelegate.swift in Sources */ = {isa = PBXBuildFile; fileRef = 02782E1327745FF5002076BD /* AppDelegate.swift */; };
		02782E1627745FF5002076BD /* SceneDelegate.swift in Sources */ = {isa = PBXBuildFile; fileRef = 02782E1527745FF5002076BD /* SceneDelegate.swift */; };
		02782E1827745FF5002076BD /* ViewController.swift in Sources */ = {isa = PBXBuildFile; fileRef = 02782E1727745FF5002076BD /* ViewController.swift */; };
		02782E1B27745FF5002076BD /* Main.storyboard in Resources */ = {isa = PBXBuildFile; fileRef = 02782E1927745FF5002076BD /* Main.storyboard */; };
		02782E1D27745FF6002076BD /* Assets.xcassets in Resources */ = {isa = PBXBuildFile; fileRef = 02782E1C27745FF6002076BD /* Assets.xcassets */; };
		02782E2027745FF6002076BD /* LaunchScreen.storyboard in Resources */ = {isa = PBXBuildFile; fileRef = 02782E1E27745FF6002076BD /* LaunchScreen.storyboard */; };
		02782E2B27745FF7002076BD /* VacasaPracticeTests.swift in Sources */ = {isa = PBXBuildFile; fileRef = 02782E2A27745FF7002076BD /* VacasaPracticeTests.swift */; };
		02782E3527745FF7002076BD /* VacasaPracticeUITests.swift in Sources */ = {isa = PBXBuildFile; fileRef = 02782E3427745FF7002076BD /* VacasaPracticeUITests.swift */; };
		02782E3727745FF7002076BD /* VacasaPracticeUITestsLaunchTests.swift in Sources */ = {isa = PBXBuildFile; fileRef = 02782E3627745FF7002076BD /* VacasaPracticeUITestsLaunchTests.swift */; };
/* End PBXBuildFile section */

/* Begin PBXContainerItemProxy section */
		02782E2727745FF7002076BD /* PBXContainerItemProxy */ = {
			isa = PBXContainerItemProxy;
			containerPortal = 02782E0827745FF4002076BD /* Project object */;
			proxyType = 1;
			remoteGlobalIDString = 02782E0F27745FF4002076BD;
			remoteInfo = VacasaPractice;
		};
		02782E3127745FF7002076BD /* PBXContainerItemProxy */ = {
			isa = PBXContainerItemProxy;
			containerPortal = 02782E0827745FF4002076BD /* Project object */;
			proxyType = 1;
			remoteGlobalIDString = 02782E0F27745FF4002076BD;
			remoteInfo = VacasaPractice;
		};
/* End PBXContainerItemProxy section */

/* Begin PBXFileReference section */
		02782E1027745FF4002076BD /* VacasaPractice.app */ = {isa = PBXFileReference; explicitFileType = wrapper.application; includeInIndex = 0; path = VacasaPractice.app; sourceTree = BUILT_PRODUCTS_DIR; };
		02782E1327745FF5002076BD /* AppDelegate.swift */ = {isa = PBXFileReference; lastKnownFileType = sourcecode.swift; path = AppDelegate.swift; sourceTree = "<group>"; };
		02782E1527745FF5002076BD /* SceneDelegate.swift */ = {isa = PBXFileReference; lastKnownFileType = sourcecode.swift; path = SceneDelegate.swift; sourceTree = "<group>"; };
		02782E1727745FF5002076BD /* ViewController.swift */ = {isa = PBXFileReference; lastKnownFileType = sourcecode.swift; path = ViewController.swift; sourceTree = "<group>"; };
		02782E1A27745FF5002076BD /* Base */ = {isa = PBXFileReference; lastKnownFileType = file.storyboard; name = Base; path = Base.lproj/Main.storyboard; sourceTree = "<group>"; };
		02782E1C27745FF6002076BD /* Assets.xcassets */ = {isa = PBXFileReference; lastKnownFileType = folder.assetcatalog; path = Assets.xcassets; sourceTree = "<group>"; };
		02782E1F27745FF6002076BD /* Base */ = {isa = PBXFileReference; lastKnownFileType = file.storyboard; name = Base; path = Base.lproj/LaunchScreen.storyboard; sourceTree = "<group>"; };
		02782E2127745FF6002076BD /* Info.plist */ = {isa = PBXFileReference; lastKnownFileType = text.plist.xml; path = Info.plist; sourceTree = "<group>"; };
		02782E2627745FF7002076BD /* VacasaPracticeTests.xctest */ = {isa = PBXFileReference; explicitFileType = wrapper.cfbundle; includeInIndex = 0; path = VacasaPracticeTests.xctest; sourceTree = BUILT_PRODUCTS_DIR; };
		02782E2A27745FF7002076BD /* VacasaPracticeTests.swift */ = {isa = PBXFileReference; lastKnownFileType = sourcecode.swift; path = VacasaPracticeTests.swift; sourceTree = "<group>"; };
		02782E3027745FF7002076BD /* VacasaPracticeUITests.xctest */ = {isa = PBXFileReference; explicitFileType = wrapper.cfbundle; includeInIndex = 0; path = VacasaPracticeUITests.xctest; sourceTree = BUILT_PRODUCTS_DIR; };
		02782E3427745FF7002076BD /* VacasaPracticeUITests.swift */ = {isa = PBXFileReference; lastKnownFileType = sourcecode.swift; path = VacasaPracticeUITests.swift; sourceTree = "<group>"; };
		02782E3627745FF7002076BD /* VacasaPracticeUITestsLaunchTests.swift */ = {isa = PBXFileReference; lastKnownFileType = sourcecode.swift; path = VacasaPracticeUITestsLaunchTests.swift; sourceTree = "<group>"; };
/* End PBXFileReference section */

/* Begin PBXFrameworksBuildPhase section */
		02782E0D27745FF4002076BD /* Frameworks */ = {
			isa = PBXFrameworksBuildPhase;
			buildActionMask = 2147483647;
			files = (
			);
			runOnlyForDeploymentPostprocessing = 0;
		};
		02782E2327745FF7002076BD /* Frameworks */ = {
			isa = PBXFrameworksBuildPhase;
			buildActionMask = 2147483647;
			files = (
			);
			runOnlyForDeploymentPostprocessing = 0;
		};
		02782E2D27745FF7002076BD /* Frameworks */ = {
			isa = PBXFrameworksBuildPhase;
			buildActionMask = 2147483647;
			files = (
			);
			runOnlyForDeploymentPostprocessing = 0;
		};
/* End PBXFrameworksBuildPhase section */

/* Begin PBXGroup section */
		02782E0727745FF4002076BD = {
			isa = PBXGroup;
			children = (
				02782E1227745FF4002076BD /* VacasaPractice */,
				02782E2927745FF7002076BD /* VacasaPracticeTests */,
				02782E3327745FF7002076BD /* VacasaPracticeUITests */,
				02782E1127745FF4002076BD /* Products */,
			);
			sourceTree = "<group>";
		};
		02782E1127745FF4002076BD /* Products */ = {
			isa = PBXGroup;
			children = (
				02782E1027745FF4002076BD /* VacasaPractice.app */,
				02782E2627745FF7002076BD /* VacasaPracticeTests.xctest */,
				02782E3027745FF7002076BD /* VacasaPracticeUITests.xctest */,
			);
			name = Products;
			sourceTree = "<group>";
		};
		02782E1227745FF4002076BD /* VacasaPractice */ = {
			isa = PBXGroup;
			children = (
				02782E1327745FF5002076BD /* AppDelegate.swift */,
				02782E1527745FF5002076BD /* SceneDelegate.swift */,
				02782E1727745FF5002076BD /* ViewController.swift */,
				02782E1927745FF5002076BD /* Main.storyboard */,
				02782E1C27745FF6002076BD /* Assets.xcassets */,
				02782E1E27745FF6002076BD /* LaunchScreen.storyboard */,
				02782E2127745FF6002076BD /* Info.plist */,
			);
			path = VacasaPractice;
			sourceTree = "<group>";
		};
		02782E2927745FF7002076BD /* VacasaPracticeTests */ = {
			isa = PBXGroup;
			children = (
				02782E2A27745FF7002076BD /* VacasaPracticeTests.swift */,
			);
			path = VacasaPracticeTests;
			sourceTree = "<group>";
		};
		02782E3327745FF7002076BD /* VacasaPracticeUITests */ = {
			isa = PBXGroup;
			children = (
				02782E3427745FF7002076BD /* VacasaPracticeUITests.swift */,
				02782E3627745FF7002076BD /* VacasaPracticeUITestsLaunchTests.swift */,
			);
			path = VacasaPracticeUITests;
			sourceTree = "<group>";
		};
/* End PBXGroup section */

/* Begin PBXNativeTarget section */
		02782E0F27745FF4002076BD /* VacasaPractice */ = {
			isa = PBXNativeTarget;
			buildConfigurationList = 02782E3A27745FF7002076BD /* Build configuration list for PBXNativeTarget "VacasaPractice" */;
			buildPhases = (
				02782E0C27745FF4002076BD /* Sources */,
				02782E0D27745FF4002076BD /* Frameworks */,
				02782E0E27745FF4002076BD /* Resources */,
			);
			buildRules = (
			);
			dependencies = (
			);
			name = VacasaPractice;
			productName = VacasaPractice;
			productReference = 02782E1027745FF4002076BD /* VacasaPractice.app */;
			productType = "com.apple.product-type.application";
		};
		02782E2527745FF7002076BD /* VacasaPracticeTests */ = {
			isa = PBXNativeTarget;
			buildConfigurationList = 02782E3D27745FF7002076BD /* Build configuration list for PBXNativeTarget "VacasaPracticeTests" */;
			buildPhases = (
				02782E2227745FF7002076BD /* Sources */,
				02782E2327745FF7002076BD /* Frameworks */,
				02782E2427745FF7002076BD /* Resources */,
			);
			buildRules = (
			);
			dependencies = (
				02782E2827745FF7002076BD /* PBXTargetDependency */,
			);
			name = VacasaPracticeTests;
			productName = VacasaPracticeTests;
			productReference = 02782E2627745FF7002076BD /* VacasaPracticeTests.xctest */;
			productType = "com.apple.product-type.bundle.unit-test";
		};
		02782E2F27745FF7002076BD /* VacasaPracticeUITests */ = {
			isa = PBXNativeTarget;
			buildConfigurationList = 02782E4027745FF7002076BD /* Build configuration list for PBXNativeTarget "VacasaPracticeUITests" */;
			buildPhases = (
				02782E2C27745FF7002076BD /* Sources */,
				02782E2D27745FF7002076BD /* Frameworks */,
				02782E2E27745FF7002076BD /* Resources */,
			);
			buildRules = (
			);
			dependencies = (
				02782E3227745FF7002076BD /* PBXTargetDependency */,
			);
			name = VacasaPracticeUITests;
			productName = VacasaPracticeUITests;
			productReference = 02782E3027745FF7002076BD /* VacasaPracticeUITests.xctest */;
			productType = "com.apple.product-type.bundle.ui-testing";
		};
/* End PBXNativeTarget section */

/* Begin PBXProject section */
		02782E0827745FF4002076BD /* Project object */ = {
			isa = PBXProject;
			attributes = {
				BuildIndependentTargetsInParallel = 1;
				LastSwiftUpdateCheck = 1320;
				LastUpgradeCheck = 1320;
				TargetAttributes = {
					02782E0F27745FF4002076BD = {
						CreatedOnToolsVersion = 13.2.1;
					};
					02782E2527745FF7002076BD = {
						CreatedOnToolsVersion = 13.2.1;
						TestTargetID = 02782E0F27745FF4002076BD;
					};
					02782E2F27745FF7002076BD = {
						CreatedOnToolsVersion = 13.2.1;
						TestTargetID = 02782E0F27745FF4002076BD;
					};
				};
			};
			buildConfigurationList = 02782E0B27745FF4002076BD /* Build configuration list for PBXProject "VacasaPractice" */;
			compatibilityVersion = "Xcode 13.0";
			developmentRegion = en;
			hasScannedForEncodings = 0;
			knownRegions = (
				en,
				Base,
			);
			mainGroup = 02782E0727745FF4002076BD;
			productRefGroup = 02782E1127745FF4002076BD /* Products */;
			projectDirPath = "";
			projectRoot = "";
			targets = (
				02782E0F27745FF4002076BD /* VacasaPractice */,
				02782E2527745FF7002076BD /* VacasaPracticeTests */,
				02782E2F27745FF7002076BD /* VacasaPracticeUITests */,
			);
		};
/* End PBXProject section */

/* Begin PBXResourcesBuildPhase section */
		02782E0E27745FF4002076BD /* Resources */ = {
			isa = PBXResourcesBuildPhase;
			buildActionMask = 2147483647;
			files = (
				02782E2027745FF6002076BD /* LaunchScreen.storyboard in Resources */,
				02782E1D27745FF6002076BD /* Assets.xcassets in Resources */,
				02782E1B27745FF5002076BD /* Main.storyboard in Resources */,
			);
			runOnlyForDeploymentPostprocessing = 0;
		};
		02782E2427745FF7002076BD /* Resources */ = {
			isa = PBXResourcesBuildPhase;
			buildActionMask = 2147483647;
			files = (
			);
			runOnlyForDeploymentPostprocessing = 0;
		};
		02782E2E27745FF7002076BD /* Resources */ = {
			isa = PBXResourcesBuildPhase;
			buildActionMask = 2147483647;
			files = (
			);
			runOnlyForDeploymentPostprocessing = 0;
		};
/* End PBXResourcesBuildPhase section */

/* Begin PBXSourcesBuildPhase section */
		02782E0C27745FF4002076BD /* Sources */ = {
			isa = PBXSourcesBuildPhase;
			buildActionMask = 2147483647;
			files = (
				02782E1827745FF5002076BD /* ViewController.swift in Sources */,
				02782E1427745FF5002076BD /* AppDelegate.swift in Sources */,
				02782E1627745FF5002076BD /* SceneDelegate.swift in Sources */,
			);
			runOnlyForDeploymentPostprocessing = 0;
		};
		02782E2227745FF7002076BD /* Sources */ = {
			isa = PBXSourcesBuildPhase;
			buildActionMask = 2147483647;
			files = (
				02782E2B27745FF7002076BD /* VacasaPracticeTests.swift in Sources */,
			);
			runOnlyForDeploymentPostprocessing = 0;
		};
		02782E2C27745FF7002076BD /* Sources */ = {
			isa = PBXSourcesBuildPhase;
			buildActionMask = 2147483647;
			files = (
				02782E3727745FF7002076BD /* VacasaPracticeUITestsLaunchTests.swift in Sources */,
				02782E3527745FF7002076BD /* VacasaPracticeUITests.swift in Sources */,
			);
			runOnlyForDeploymentPostprocessing = 0;
		};
/* End PBXSourcesBuildPhase section */

/* Begin PBXTargetDependency section */
		02782E2827745FF7002076BD /* PBXTargetDependency */ = {
			isa = PBXTargetDependency;
			target = 02782E0F27745FF4002076BD /* VacasaPractice */;
			targetProxy = 02782E2727745FF7002076BD /* PBXContainerItemProxy */;
		};
		02782E3227745FF7002076BD /* PBXTargetDependency */ = {
			isa = PBXTargetDependency;
			target = 02782E0F27745FF4002076BD /* VacasaPractice */;
			targetProxy = 02782E3127745FF7002076BD /* PBXContainerItemProxy */;
		};
/* End PBXTargetDependency section */

/* Begin PBXVariantGroup section */
		02782E1927745FF5002076BD /* Main.storyboard */ = {
			isa = PBXVariantGroup;
			children = (
				02782E1A27745FF5002076BD /* Base */,
			);
			name = Main.storyboard;
			sourceTree = "<group>";
		};
		02782E1E27745FF6002076BD /* LaunchScreen.storyboard */ = {
			isa = PBXVariantGroup;
			children = (
				02782E1F27745FF6002076BD /* Base */,
			);
			name = LaunchScreen.storyboard;
			sourceTree = "<group>";
		};
/* End PBXVariantGroup section */

/* Begin XCBuildConfiguration section */
		02782E3827745FF7002076BD /* Debug */ = {
			isa = XCBuildConfiguration;
			buildSettings = {
				ALWAYS_SEARCH_USER_PATHS = NO;
				CLANG_ANALYZER_NONNULL = YES;
				CLANG_ANALYZER_NUMBER_OBJECT_CONVERSION = YES_AGGRESSIVE;
				CLANG_CXX_LANGUAGE_STANDARD = "gnu++17";
				CLANG_CXX_LIBRARY = "libc++";
				CLANG_ENABLE_MODULES = YES;
				CLANG_ENABLE_OBJC_ARC = YES;
				CLANG_ENABLE_OBJC_WEAK = YES;
				CLANG_WARN_BLOCK_CAPTURE_AUTORELEASING = YES;
				CLANG_WARN_BOOL_CONVERSION = YES;
				CLANG_WARN_COMMA = YES;
				CLANG_WARN_CONSTANT_CONVERSION = YES;
				CLANG_WARN_DEPRECATED_OBJC_IMPLEMENTATIONS = YES;
				CLANG_WARN_DIRECT_OBJC_ISA_USAGE = YES_ERROR;
				CLANG_WARN_DOCUMENTATION_COMMENTS = YES;
				CLANG_WARN_EMPTY_BODY = YES;
				CLANG_WARN_ENUM_CONVERSION = YES;
				CLANG_WARN_INFINITE_RECURSION = YES;
				CLANG_WARN_INT_CONVERSION = YES;
				CLANG_WARN_NON_LITERAL_NULL_CONVERSION = YES;
				CLANG_WARN_OBJC_IMPLICIT_RETAIN_SELF = YES;
				CLANG_WARN_OBJC_LITERAL_CONVERSION = YES;
				CLANG_WARN_OBJC_ROOT_CLASS = YES_ERROR;
				CLANG_WARN_QUOTED_INCLUDE_IN_FRAMEWORK_HEADER = YES;
				CLANG_WARN_RANGE_LOOP_ANALYSIS = YES;
				CLANG_WARN_STRICT_PROTOTYPES = YES;
				CLANG_WARN_SUSPICIOUS_MOVE = YES;
				CLANG_WARN_UNGUARDED_AVAILABILITY = YES_AGGRESSIVE;
				CLANG_WARN_UNREACHABLE_CODE = YES;
				CLANG_WARN__DUPLICATE_METHOD_MATCH = YES;
				COPY_PHASE_STRIP = NO;
				DEBUG_INFORMATION_FORMAT = dwarf;
				ENABLE_STRICT_OBJC_MSGSEND = YES;
				ENABLE_TESTABILITY = YES;
				GCC_C_LANGUAGE_STANDARD = gnu11;
				GCC_DYNAMIC_NO_PIC = NO;
				GCC_NO_COMMON_BLOCKS = YES;
				GCC_OPTIMIZATION_LEVEL = 0;
				GCC_PREPROCESSOR_DEFINITIONS = (
					"DEBUG=1",
					"$(inherited)",
				);
				GCC_WARN_64_TO_32_BIT_CONVERSION = YES;
				GCC_WARN_ABOUT_RETURN_TYPE = YES_ERROR;
				GCC_WARN_UNDECLARED_SELECTOR = YES;
				GCC_WARN_UNINITIALIZED_AUTOS = YES_AGGRESSIVE;
				GCC_WARN_UNUSED_FUNCTION = YES;
				GCC_WARN_UNUSED_VARIABLE = YES;
				IPHONEOS_DEPLOYMENT_TARGET = 15.2;
				MTL_ENABLE_DEBUG_INFO = INCLUDE_SOURCE;
				MTL_FAST_MATH = YES;
				ONLY_ACTIVE_ARCH = YES;
				SDKROOT = iphoneos;
				SWIFT_ACTIVE_COMPILATION_CONDITIONS = DEBUG;
				SWIFT_OPTIMIZATION_LEVEL = "-Onone";
			};
			name = Debug;
		};
		02782E3927745FF7002076BD /* Release */ = {
			isa = XCBuildConfiguration;
			buildSettings = {
				ALWAYS_SEARCH_USER_PATHS = NO;
				CLANG_ANALYZER_NONNULL = YES;
				CLANG_ANALYZER_NUMBER_OBJECT_CONVERSION = YES_AGGRESSIVE;
				CLANG_CXX_LANGUAGE_STANDARD = "gnu++17";
				CLANG_CXX_LIBRARY = "libc++";
				CLANG_ENABLE_MODULES = YES;
				CLANG_ENABLE_OBJC_ARC = YES;
				CLANG_ENABLE_OBJC_WEAK = YES;
				CLANG_WARN_BLOCK_CAPTURE_AUTORELEASING = YES;
				CLANG_WARN_BOOL_CONVERSION = YES;
				CLANG_WARN_COMMA = YES;
				CLANG_WARN_CONSTANT_CONVERSION = YES;
				CLANG_WARN_DEPRECATED_OBJC_IMPLEMENTATIONS = YES;
				CLANG_WARN_DIRECT_OBJC_ISA_USAGE = YES_ERROR;
				CLANG_WARN_DOCUMENTATION_COMMENTS = YES;
				CLANG_WARN_EMPTY_BODY = YES;
				CLANG_WARN_ENUM_CONVERSION = YES;
				CLANG_WARN_INFINITE_RECURSION = YES;
				CLANG_WARN_INT_CONVERSION = YES;
				CLANG_WARN_NON_LITERAL_NULL_CONVERSION = YES;
				CLANG_WARN_OBJC_IMPLICIT_RETAIN_SELF = YES;
				CLANG_WARN_OBJC_LITERAL_CONVERSION = YES;
				CLANG_WARN_OBJC_ROOT_CLASS = YES_ERROR;
				CLANG_WARN_QUOTED_INCLUDE_IN_FRAMEWORK_HEADER = YES;
				CLANG_WARN_RANGE_LOOP_ANALYSIS = YES;
				CLANG_WARN_STRICT_PROTOTYPES = YES;
				CLANG_WARN_SUSPICIOUS_MOVE = YES;
				CLANG_WARN_UNGUARDED_AVAILABILITY = YES_AGGRESSIVE;
				CLANG_WARN_UNREACHABLE_CODE = YES;
				CLANG_WARN__DUPLICATE_METHOD_MATCH = YES;
				COPY_PHASE_STRIP = NO;
				DEBUG_INFORMATION_FORMAT = "dwarf-with-dsym";
				ENABLE_NS_ASSERTIONS = NO;
				ENABLE_STRICT_OBJC_MSGSEND = YES;
				GCC_C_LANGUAGE_STANDARD = gnu11;
				GCC_NO_COMMON_BLOCKS = YES;
				GCC_WARN_64_TO_32_BIT_CONVERSION = YES;
				GCC_WARN_ABOUT_RETURN_TYPE = YES_ERROR;
				GCC_WARN_UNDECLARED_SELECTOR = YES;
				GCC_WARN_UNINITIALIZED_AUTOS = YES_AGGRESSIVE;
				GCC_WARN_UNUSED_FUNCTION = YES;
				GCC_WARN_UNUSED_VARIABLE = YES;
				IPHONEOS_DEPLOYMENT_TARGET = 15.2;
				MTL_ENABLE_DEBUG_INFO = NO;
				MTL_FAST_MATH = YES;
				SDKROOT = iphoneos;
				SWIFT_COMPILATION_MODE = wholemodule;
				SWIFT_OPTIMIZATION_LEVEL = "-O";
				VALIDATE_PRODUCT = YES;
			};
			name = Release;
		};
		02782E3B27745FF7002076BD /* Debug */ = {
			isa = XCBuildConfiguration;
			buildSettings = {
				ASSETCATALOG_COMPILER_APPICON_NAME = AppIcon;
				ASSETCATALOG_COMPILER_GLOBAL_ACCENT_COLOR_NAME = AccentColor;
				CODE_SIGN_STYLE = Automatic;
				CURRENT_PROJECT_VERSION = 1;
				DEVELOPMENT_TEAM = 3PHP3XA64F;
				GENERATE_INFOPLIST_FILE = YES;
				INFOPLIST_FILE = VacasaPractice/Info.plist;
				INFOPLIST_KEY_UIApplicationSupportsIndirectInputEvents = YES;
				INFOPLIST_KEY_UILaunchStoryboardName = LaunchScreen;
				INFOPLIST_KEY_UIMainStoryboardFile = Main;
				INFOPLIST_KEY_UISupportedInterfaceOrientations_iPad = "UIInterfaceOrientationPortrait UIInterfaceOrientationPortraitUpsideDown UIInterfaceOrientationLandscapeLeft UIInterfaceOrientationLandscapeRight";
				INFOPLIST_KEY_UISupportedInterfaceOrientations_iPhone = "UIInterfaceOrientationPortrait UIInterfaceOrientationLandscapeLeft UIInterfaceOrientationLandscapeRight";
				LD_RUNPATH_SEARCH_PATHS = (
					"$(inherited)",
					"@executable_path/Frameworks",
				);
				MARKETING_VERSION = 1.0;
				PRODUCT_BUNDLE_IDENTIFIER = devwithlove.VacasaPractice;
				PRODUCT_NAME = "$(TARGET_NAME)";
				SWIFT_EMIT_LOC_STRINGS = YES;
				SWIFT_VERSION = 5.0;
				TARGETED_DEVICE_FAMILY = "1,2";
			};
			name = Debug;
		};
		02782E3C27745FF7002076BD /* Release */ = {
			isa = XCBuildConfiguration;
			buildSettings = {
				ASSETCATALOG_COMPILER_APPICON_NAME = AppIcon;
				ASSETCATALOG_COMPILER_GLOBAL_ACCENT_COLOR_NAME = AccentColor;
				CODE_SIGN_STYLE = Automatic;
				CURRENT_PROJECT_VERSION = 1;
				DEVELOPMENT_TEAM = 3PHP3XA64F;
				GENERATE_INFOPLIST_FILE = YES;
				INFOPLIST_FILE = VacasaPractice/Info.plist;
				INFOPLIST_KEY_UIApplicationSupportsIndirectInputEvents = YES;
				INFOPLIST_KEY_UILaunchStoryboardName = LaunchScreen;
				INFOPLIST_KEY_UIMainStoryboardFile = Main;
				INFOPLIST_KEY_UISupportedInterfaceOrientations_iPad = "UIInterfaceOrientationPortrait UIInterfaceOrientationPortraitUpsideDown UIInterfaceOrientationLandscapeLeft UIInterfaceOrientationLandscapeRight";
				INFOPLIST_KEY_UISupportedInterfaceOrientations_iPhone = "UIInterfaceOrientationPortrait UIInterfaceOrientationLandscapeLeft UIInterfaceOrientationLandscapeRight";
				LD_RUNPATH_SEARCH_PATHS = (
					"$(inherited)",
					"@executable_path/Frameworks",
				);
				MARKETING_VERSION = 1.0;
				PRODUCT_BUNDLE_IDENTIFIER = devwithlove.VacasaPractice;
				PRODUCT_NAME = "$(TARGET_NAME)";
				SWIFT_EMIT_LOC_STRINGS = YES;
				SWIFT_VERSION = 5.0;
				TARGETED_DEVICE_FAMILY = "1,2";
			};
			name = Release;
		};
		02782E3E27745FF7002076BD /* Debug */ = {
			isa = XCBuildConfiguration;
			buildSettings = {
				ALWAYS_EMBED_SWIFT_STANDARD_LIBRARIES = YES;
				BUNDLE_LOADER = "$(TEST_HOST)";
				CODE_SIGN_STYLE = Automatic;
				CURRENT_PROJECT_VERSION = 1;
				DEVELOPMENT_TEAM = 3PHP3XA64F;
				GENERATE_INFOPLIST_FILE = YES;
				IPHONEOS_DEPLOYMENT_TARGET = 15.2;
				MARKETING_VERSION = 1.0;
				PRODUCT_BUNDLE_IDENTIFIER = devwithlove.VacasaPracticeTests;
				PRODUCT_NAME = "$(TARGET_NAME)";
				SWIFT_EMIT_LOC_STRINGS = NO;
				SWIFT_VERSION = 5.0;
				TARGETED_DEVICE_FAMILY = "1,2";
				TEST_HOST = "$(BUILT_PRODUCTS_DIR)/VacasaPractice.app/VacasaPractice";
			};
			name = Debug;
		};
		02782E3F27745FF7002076BD /* Release */ = {
			isa = XCBuildConfiguration;
			buildSettings = {
				ALWAYS_EMBED_SWIFT_STANDARD_LIBRARIES = YES;
				BUNDLE_LOADER = "$(TEST_HOST)";
				CODE_SIGN_STYLE = Automatic;
				CURRENT_PROJECT_VERSION = 1;
				DEVELOPMENT_TEAM = 3PHP3XA64F;
				GENERATE_INFOPLIST_FILE = YES;
				IPHONEOS_DEPLOYMENT_TARGET = 15.2;
				MARKETING_VERSION = 1.0;
				PRODUCT_BUNDLE_IDENTIFIER = devwithlove.VacasaPracticeTests;
				PRODUCT_NAME = "$(TARGET_NAME)";
				SWIFT_EMIT_LOC_STRINGS = NO;
				SWIFT_VERSION = 5.0;
				TARGETED_DEVICE_FAMILY = "1,2";
				TEST_HOST = "$(BUILT_PRODUCTS_DIR)/VacasaPractice.app/VacasaPractice";
			};
			name = Release;
		};
		02782E4127745FF7002076BD /* Debug */ = {
			isa = XCBuildConfiguration;
			buildSettings = {
				ALWAYS_EMBED_SWIFT_STANDARD_LIBRARIES = YES;
				CODE_SIGN_STYLE = Automatic;
				CURRENT_PROJECT_VERSION = 1;
				DEVELOPMENT_TEAM = 3PHP3XA64F;
				GENERATE_INFOPLIST_FILE = YES;
				MARKETING_VERSION = 1.0;
				PRODUCT_BUNDLE_IDENTIFIER = devwithlove.VacasaPracticeUITests;
				PRODUCT_NAME = "$(TARGET_NAME)";
				SWIFT_EMIT_LOC_STRINGS = NO;
				SWIFT_VERSION = 5.0;
				TARGETED_DEVICE_FAMILY = "1,2";
				TEST_TARGET_NAME = VacasaPractice;
			};
			name = Debug;
		};
		02782E4227745FF7002076BD /* Release */ = {
			isa = XCBuildConfiguration;
			buildSettings = {
				ALWAYS_EMBED_SWIFT_STANDARD_LIBRARIES = YES;
				CODE_SIGN_STYLE = Automatic;
				CURRENT_PROJECT_VERSION = 1;
				DEVELOPMENT_TEAM = 3PHP3XA64F;
				GENERATE_INFOPLIST_FILE = YES;
				MARKETING_VERSION = 1.0;
				PRODUCT_BUNDLE_IDENTIFIER = devwithlove.VacasaPracticeUITests;
				PRODUCT_NAME = "$(TARGET_NAME)";
				SWIFT_EMIT_LOC_STRINGS = NO;
				SWIFT_VERSION = 5.0;
				TARGETED_DEVICE_FAMILY = "1,2";
				TEST_TARGET_NAME = VacasaPractice;
			};
			name = Release;
		};
/* End XCBuildConfiguration section */

/* Begin XCConfigurationList section */
		02782E0B27745FF4002076BD /* Build configuration list for PBXProject "VacasaPractice" */ = {
			isa = XCConfigurationList;
			buildConfigurations = (
				02782E3827745FF7002076BD /* Debug */,
				02782E3927745FF7002076BD /* Release */,
			);
			defaultConfigurationIsVisible = 0;
			defaultConfigurationName = Release;
		};
		02782E3A27745FF7002076BD /* Build configuration list for PBXNativeTarget "VacasaPractice" */ = {
			isa = XCConfigurationList;
			buildConfigurations = (
				02782E3B27745FF7002076BD /* Debug */,
				02782E3C27745FF7002076BD /* Release */,
			);
			defaultConfigurationIsVisible = 0;
			defaultConfigurationName = Release;
		};
		02782E3D27745FF7002076BD /* Build configuration list for PBXNativeTarget "VacasaPracticeTests" */ = {
			isa = XCConfigurationList;
			buildConfigurations = (
				02782E3E27745FF7002076BD /* Debug */,
				02782E3F27745FF7002076BD /* Release */,
			);
			defaultConfigurationIsVisible = 0;
			defaultConfigurationName = Release;
		};
		02782E4027745FF7002076BD /* Build configuration list for PBXNativeTarget "VacasaPracticeUITests" */ = {
			isa = XCConfigurationList;
			buildConfigurations = (
				02782E4127745FF7002076BD /* Debug */,
				02782E4227745FF7002076BD /* Release */,
			);
			defaultConfigurationIsVisible = 0;
			defaultConfigurationName = Release;
		};
/* End XCConfigurationList section */
	};
	rootObject = 02782E0827745FF4002076BD /* Project object */;
}
