// !$*UTF8*$!
{
	archiveVersion = 1;
	classes = {
	};
	objectVersion = 55;
	objects = {

/* Begin PBXBuildFile section */
		0240B0CF27AF16670060DAA4 /* Card.swift in Sources */ = {isa = PBXBuildFile; fileRef = 0240B0CE27AF16670060DAA4 /* Card.swift */; };
		0240B0D227AF22D20060DAA4 /* CardRootView.swift in Sources */ = {isa = PBXBuildFile; fileRef = 0240B0D127AF22D20060DAA4 /* CardRootView.swift */; };
		02782E1427745FF5002076BD /* AppDelegate.swift in Sources */ = {isa = PBXBuildFile; fileRef = 02782E1327745FF5002076BD /* AppDelegate.swift */; };
		02782E1627745FF5002076BD /* SceneDelegate.swift in Sources */ = {isa = PBXBuildFile; fileRef = 02782E1527745FF5002076BD /* SceneDelegate.swift */; };
		02782E1827745FF5002076BD /* RepositoriesViewController.swift in Sources */ = {isa = PBXBuildFile; fileRef = 02782E1727745FF5002076BD /* RepositoriesViewController.swift */; };
		02782E1B27745FF5002076BD /* Main.storyboard in Resources */ = {isa = PBXBuildFile; fileRef = 02782E1927745FF5002076BD /* Main.storyboard */; };
		02782E1D27745FF6002076BD /* Assets.xcassets in Resources */ = {isa = PBXBuildFile; fileRef = 02782E1C27745FF6002076BD /* Assets.xcassets */; };
		02782E2027745FF6002076BD /* LaunchScreen.storyboard in Resources */ = {isa = PBXBuildFile; fileRef = 02782E1E27745FF6002076BD /* LaunchScreen.storyboard */; };
		02782E2B27745FF7002076BD /* RepositoriesListViewModelTests.swift in Sources */ = {isa = PBXBuildFile; fileRef = 02782E2A27745FF7002076BD /* RepositoriesListViewModelTests.swift */; };
		02782E3527745FF7002076BD /* VacasaPracticeUITests.swift in Sources */ = {isa = PBXBuildFile; fileRef = 02782E3427745FF7002076BD /* VacasaPracticeUITests.swift */; };
		02782E3727745FF7002076BD /* VacasaPracticeUITestsLaunchTests.swift in Sources */ = {isa = PBXBuildFile; fileRef = 02782E3627745FF7002076BD /* VacasaPracticeUITestsLaunchTests.swift */; };
		02782E4A277463D5002076BD /* RepositoriesListViewModel.swift in Sources */ = {isa = PBXBuildFile; fileRef = 02782E49277463D5002076BD /* RepositoriesListViewModel.swift */; };
		02782E4C27746447002076BD /* Repository.swift in Sources */ = {isa = PBXBuildFile; fileRef = 02782E4B27746447002076BD /* Repository.swift */; };
		02782E4F277464A6002076BD /* RepositoryService.swift in Sources */ = {isa = PBXBuildFile; fileRef = 02782E4E277464A6002076BD /* RepositoryService.swift */; };
		02782E51277464EB002076BD /* ListError.swift in Sources */ = {isa = PBXBuildFile; fileRef = 02782E50277464EB002076BD /* ListError.swift */; };
		02782E532774662F002076BD /* RepositoryDto.swift in Sources */ = {isa = PBXBuildFile; fileRef = 02782E522774662F002076BD /* RepositoryDto.swift */; };
		02782E5527746741002076BD /* GitHubApi.swift in Sources */ = {isa = PBXBuildFile; fileRef = 02782E5427746741002076BD /* GitHubApi.swift */; };
		02782E5727746A73002076BD /* HttpMethod.swift in Sources */ = {isa = PBXBuildFile; fileRef = 02782E5627746A73002076BD /* HttpMethod.swift */; };
		02782E5927746AB4002076BD /* ApiError.swift.swift in Sources */ = {isa = PBXBuildFile; fileRef = 02782E5827746AB4002076BD /* ApiError.swift.swift */; };
		02782E5B27747428002076BD /* RepositorySearchResultDto.swift in Sources */ = {isa = PBXBuildFile; fileRef = 02782E5A27747428002076BD /* RepositorySearchResultDto.swift */; };
		02782E602775155B002076BD /* SnapKit in Frameworks */ = {isa = PBXBuildFile; productRef = 02782E5F2775155B002076BD /* SnapKit */; };
		02782E622775176F002076BD /* RepositoryTableViewCell.swift in Sources */ = {isa = PBXBuildFile; fileRef = 02782E612775176F002076BD /* RepositoryTableViewCell.swift */; };
		02782E6427751822002076BD /* TableViewCellExtensions.swift in Sources */ = {isa = PBXBuildFile; fileRef = 02782E6327751822002076BD /* TableViewCellExtensions.swift */; };
		02782E6627751915002076BD /* UIViewControllerExtension.swift.swift in Sources */ = {isa = PBXBuildFile; fileRef = 02782E6527751915002076BD /* UIViewControllerExtension.swift.swift */; };
		02782E6C277529C3002076BD /* SettingsViewController.swift in Sources */ = {isa = PBXBuildFile; fileRef = 02782E6B277529C3002076BD /* SettingsViewController.swift */; };
		02782E6E27754CC4002076BD /* SettingsViewModel.swift in Sources */ = {isa = PBXBuildFile; fileRef = 02782E6D27754CC4002076BD /* SettingsViewModel.swift */; };
		02782E7027754D54002076BD /* SettingsSection.swift in Sources */ = {isa = PBXBuildFile; fileRef = 02782E6F27754D54002076BD /* SettingsSection.swift */; };
		02782E7427756285002076BD /* SettingRepository.swift in Sources */ = {isa = PBXBuildFile; fileRef = 02782E7327756284002076BD /* SettingRepository.swift */; };
		02782E7627756816002076BD /* UserInfoView.swift in Sources */ = {isa = PBXBuildFile; fileRef = 02782E7527756816002076BD /* UserInfoView.swift */; };
		02782E7827757104002076BD /* UserInfo.swift in Sources */ = {isa = PBXBuildFile; fileRef = 02782E7727757104002076BD /* UserInfo.swift */; };
		02782E7A2775729E002076BD /* SettingTableViewCell.swift in Sources */ = {isa = PBXBuildFile; fileRef = 02782E792775729E002076BD /* SettingTableViewCell.swift */; };
		02782E7C27758068002076BD /* Configurable.swift in Sources */ = {isa = PBXBuildFile; fileRef = 02782E7B27758068002076BD /* Configurable.swift */; };
		027A184E279CAB4400CCCF39 /* ExpandableButtonPanel.swift in Sources */ = {isa = PBXBuildFile; fileRef = 027A184D279CAB4400CCCF39 /* ExpandableButtonPanel.swift */; };
		027A1851279CB16E00CCCF39 /* SampleUIView.swift in Sources */ = {isa = PBXBuildFile; fileRef = 027A1850279CB16E00CCCF39 /* SampleUIView.swift */; };
		027A1853279CB35300CCCF39 /* SampleUIHostingViewController.swift in Sources */ = {isa = PBXBuildFile; fileRef = 027A1852279CB35300CCCF39 /* SampleUIHostingViewController.swift */; };
		027A1858279CB74000CCCF39 /* ExpandableButtonRootView.swift in Sources */ = {isa = PBXBuildFile; fileRef = 027A1857279CB74000CCCF39 /* ExpandableButtonRootView.swift */; };
		028E153A279A327E0008949E /* VacasaPractices.docc in Sources */ = {isa = PBXBuildFile; fileRef = 028E1539279A327E0008949E /* VacasaPractices.docc */; };
		02ACC40A27AB39DB008991C0 /* BottomSheetContentView.swift in Sources */ = {isa = PBXBuildFile; fileRef = 02ACC40927AB39DB008991C0 /* BottomSheetContentView.swift */; };
		02ACC40C27AB8614008991C0 /* BottomSheetRootView.swift in Sources */ = {isa = PBXBuildFile; fileRef = 02ACC40B27AB8614008991C0 /* BottomSheetRootView.swift */; };
		02ACC41127ABB756008991C0 /* BottomSheetView.swift.swift in Sources */ = {isa = PBXBuildFile; fileRef = 02ACC41027ABB756008991C0 /* BottomSheetView.swift.swift */; };
		02ACC41427AE247E008991C0 /* Level2.swift in Sources */ = {isa = PBXBuildFile; fileRef = 02ACC41327AE247E008991C0 /* Level2.swift */; };
		02ACC41627AE24BC008991C0 /* NavRootView.swift in Sources */ = {isa = PBXBuildFile; fileRef = 02ACC41527AE24BC008991C0 /* NavRootView.swift */; };
		02ACC41827AE2563008991C0 /* DestinationView.swift in Sources */ = {isa = PBXBuildFile; fileRef = 02ACC41727AE2563008991C0 /* DestinationView.swift */; };
		02ACC41A27AE2C31008991C0 /* Level3.swift in Sources */ = {isa = PBXBuildFile; fileRef = 02ACC41927AE2C31008991C0 /* Level3.swift */; };
		02C820E32795011100F368B9 /* RepositoryListRow.swift in Sources */ = {isa = PBXBuildFile; fileRef = 02C820E22795011100F368B9 /* RepositoryListRow.swift */; };
		02C820E52795028300F368B9 /* RepositoryListView.swift in Sources */ = {isa = PBXBuildFile; fileRef = 02C820E42795028300F368B9 /* RepositoryListView.swift */; };
		02C820E7279504CA00F368B9 /* RepositoryListViewModel.swift in Sources */ = {isa = PBXBuildFile; fileRef = 02C820E6279504CA00F368B9 /* RepositoryListViewModel.swift */; };
		02C820E927950FAC00F368B9 /* RepositoryListHostingViewController.swift in Sources */ = {isa = PBXBuildFile; fileRef = 02C820E827950FAC00F368B9 /* RepositoryListHostingViewController.swift */; };
		02C820EC2797E2CB00F368B9 /* BundleExtensions.swift.swift in Sources */ = {isa = PBXBuildFile; fileRef = 02C820EB2797E2CB00F368B9 /* BundleExtensions.swift.swift */; };
		02C820F02797E38500F368B9 /* searchRepository.json in Resources */ = {isa = PBXBuildFile; fileRef = 02C820EF2797E38500F368B9 /* searchRepository.json */; };
		02C820F22797E58800F368B9 /* MockData.swift in Sources */ = {isa = PBXBuildFile; fileRef = 02C820F12797E58800F368B9 /* MockData.swift */; };
		02C820F42798F8DB00F368B9 /* ScreenPreview.swift in Sources */ = {isa = PBXBuildFile; fileRef = 02C820F32798F8DA00F368B9 /* ScreenPreview.swift */; };
		02E809B1279E637E00945E91 /* Hike.swift in Sources */ = {isa = PBXBuildFile; fileRef = 02E809B0279E637E00945E91 /* Hike.swift */; };
		02E809B3279E63D600945E91 /* hikeData.json in Resources */ = {isa = PBXBuildFile; fileRef = 02E809B2279E63D600945E91 /* hikeData.json */; };
		02E809B8279E65A200945E91 /* GraphCapsule.swift in Sources */ = {isa = PBXBuildFile; fileRef = 02E809B7279E65A200945E91 /* GraphCapsule.swift */; };
		02E809BC279E65DD00945E91 /* HikeDetail.swift in Sources */ = {isa = PBXBuildFile; fileRef = 02E809B9279E65DC00945E91 /* HikeDetail.swift */; };
		02E809BD279E65DD00945E91 /* HikeGraph.swift in Sources */ = {isa = PBXBuildFile; fileRef = 02E809BA279E65DC00945E91 /* HikeGraph.swift */; };
		02E809BE279E65DD00945E91 /* HikeView.swift in Sources */ = {isa = PBXBuildFile; fileRef = 02E809BB279E65DC00945E91 /* HikeView.swift */; };
		02E809C1279FD99F00945E91 /* CategoryHome.swift in Sources */ = {isa = PBXBuildFile; fileRef = 02E809C0279FD99F00945E91 /* CategoryHome.swift */; };
		02E809C4279FDA1300945E91 /* Landmark.swift in Sources */ = {isa = PBXBuildFile; fileRef = 02E809C3279FDA1300945E91 /* Landmark.swift */; };
		02E809C6279FDA8700945E91 /* landmarkData.json in Resources */ = {isa = PBXBuildFile; fileRef = 02E809C5279FDA8700945E91 /* landmarkData.json */; };
		02E809D3279FDB5C00945E91 /* LandmarkList.swift in Sources */ = {isa = PBXBuildFile; fileRef = 02E809CA279FDB5B00945E91 /* LandmarkList.swift */; };
		02E809D4279FDB5C00945E91 /* CircleImage.swift.swift in Sources */ = {isa = PBXBuildFile; fileRef = 02E809CB279FDB5B00945E91 /* CircleImage.swift.swift */; };
		02E809D5279FDB5C00945E91 /* FavoriteButton.swift in Sources */ = {isa = PBXBuildFile; fileRef = 02E809CC279FDB5B00945E91 /* FavoriteButton.swift */; };
		02E809D6279FDB5C00945E91 /* LandmarkRow.swift in Sources */ = {isa = PBXBuildFile; fileRef = 02E809CD279FDB5B00945E91 /* LandmarkRow.swift */; };
		02E809D7279FDB5C00945E91 /* LandmarkDetail.swift in Sources */ = {isa = PBXBuildFile; fileRef = 02E809CE279FDB5C00945E91 /* LandmarkDetail.swift */; };
		02E809DA279FDB5C00945E91 /* MapView.swift in Sources */ = {isa = PBXBuildFile; fileRef = 02E809D1279FDB5C00945E91 /* MapView.swift */; };
		02E809DB279FDB5C00945E91 /* LandmarkContentView.swift in Sources */ = {isa = PBXBuildFile; fileRef = 02E809D2279FDB5C00945E91 /* LandmarkContentView.swift */; };
		02E809DD279FDBE200945E91 /* ListViewModel.swift in Sources */ = {isa = PBXBuildFile; fileRef = 02E809DC279FDBE200945E91 /* ListViewModel.swift */; };
		02E809E0279FDF4800945E91 /* LandmarkModelData.swift in Sources */ = {isa = PBXBuildFile; fileRef = 02E809DF279FDF4800945E91 /* LandmarkModelData.swift */; };
		02E809E227A1209600945E91 /* CategoryRow.swift in Sources */ = {isa = PBXBuildFile; fileRef = 02E809E127A1209600945E91 /* CategoryRow.swift */; };
		02E809E427A1230100945E91 /* CategoryItem.swift in Sources */ = {isa = PBXBuildFile; fileRef = 02E809E327A1230100945E91 /* CategoryItem.swift */; };
		02E809E627A2294D00945E91 /* Profile.swift in Sources */ = {isa = PBXBuildFile; fileRef = 02E809E527A2294D00945E91 /* Profile.swift */; };
		02FA9D5127A22B91003344BC /* ProfileHost.swift in Sources */ = {isa = PBXBuildFile; fileRef = 02FA9D5027A22B91003344BC /* ProfileHost.swift */; };
		02FA9D5327A22EEA003344BC /* ProfileSummary.swift in Sources */ = {isa = PBXBuildFile; fileRef = 02FA9D5227A22EEA003344BC /* ProfileSummary.swift */; };
		02FA9D5527A2375C003344BC /* ProfileEditor.swift in Sources */ = {isa = PBXBuildFile; fileRef = 02FA9D5427A2375C003344BC /* ProfileEditor.swift */; };
		02FA9D5727A8730F003344BC /* CreditCardFilter.swift in Sources */ = {isa = PBXBuildFile; fileRef = 02FA9D5627A8730F003344BC /* CreditCardFilter.swift */; };
		02FA9D5927A87CC1003344BC /* CreditCardFilterTests.swift in Sources */ = {isa = PBXBuildFile; fileRef = 02FA9D5827A87CC1003344BC /* CreditCardFilterTests.swift */; };
		02FA9D5C27AB2D5D003344BC /* BottomSheet.swift in Sources */ = {isa = PBXBuildFile; fileRef = 02FA9D5B27AB2D5D003344BC /* BottomSheet.swift */; };
/* End PBXBuildFile section */

/* Begin PBXContainerItemProxy section */
		02782E2727745FF7002076BD /* PBXContainerItemProxy */ = {
			isa = PBXContainerItemProxy;
			containerPortal = 02782E0827745FF4002076BD /* Project object */;
			proxyType = 1;
			remoteGlobalIDString = 02782E0F27745FF4002076BD;
			remoteInfo = VacasaPractice;
		};
		02782E3127745FF7002076BD /* PBXContainerItemProxy */ = {
			isa = PBXContainerItemProxy;
			containerPortal = 02782E0827745FF4002076BD /* Project object */;
			proxyType = 1;
			remoteGlobalIDString = 02782E0F27745FF4002076BD;
			remoteInfo = VacasaPractice;
		};
/* End PBXContainerItemProxy section */

/* Begin PBXFileReference section */
		0240B0CE27AF16670060DAA4 /* Card.swift */ = {isa = PBXFileReference; lastKnownFileType = sourcecode.swift; path = Card.swift; sourceTree = "<group>"; };
		0240B0D127AF22D20060DAA4 /* CardRootView.swift */ = {isa = PBXFileReference; lastKnownFileType = sourcecode.swift; path = CardRootView.swift; sourceTree = "<group>"; };
		02782E1027745FF4002076BD /* VacasaPractice.app */ = {isa = PBXFileReference; explicitFileType = wrapper.application; includeInIndex = 0; path = VacasaPractice.app; sourceTree = BUILT_PRODUCTS_DIR; };
		02782E1327745FF5002076BD /* AppDelegate.swift */ = {isa = PBXFileReference; lastKnownFileType = sourcecode.swift; path = AppDelegate.swift; sourceTree = "<group>"; };
		02782E1527745FF5002076BD /* SceneDelegate.swift */ = {isa = PBXFileReference; lastKnownFileType = sourcecode.swift; path = SceneDelegate.swift; sourceTree = "<group>"; };
		02782E1727745FF5002076BD /* RepositoriesViewController.swift */ = {isa = PBXFileReference; lastKnownFileType = sourcecode.swift; path = RepositoriesViewController.swift; sourceTree = "<group>"; };
		02782E1A27745FF5002076BD /* Base */ = {isa = PBXFileReference; lastKnownFileType = file.storyboard; name = Base; path = Base.lproj/Main.storyboard; sourceTree = "<group>"; };
		02782E1C27745FF6002076BD /* Assets.xcassets */ = {isa = PBXFileReference; lastKnownFileType = folder.assetcatalog; path = Assets.xcassets; sourceTree = "<group>"; };
		02782E1F27745FF6002076BD /* Base */ = {isa = PBXFileReference; lastKnownFileType = file.storyboard; name = Base; path = Base.lproj/LaunchScreen.storyboard; sourceTree = "<group>"; };
		02782E2127745FF6002076BD /* Info.plist */ = {isa = PBXFileReference; lastKnownFileType = text.plist.xml; path = Info.plist; sourceTree = "<group>"; };
		02782E2627745FF7002076BD /* VacasaPracticeTests.xctest */ = {isa = PBXFileReference; explicitFileType = wrapper.cfbundle; includeInIndex = 0; path = VacasaPracticeTests.xctest; sourceTree = BUILT_PRODUCTS_DIR; };
		02782E2A27745FF7002076BD /* RepositoriesListViewModelTests.swift */ = {isa = PBXFileReference; lastKnownFileType = sourcecode.swift; path = RepositoriesListViewModelTests.swift; sourceTree = "<group>"; };
		02782E3027745FF7002076BD /* VacasaPracticeUITests.xctest */ = {isa = PBXFileReference; explicitFileType = wrapper.cfbundle; includeInIndex = 0; path = VacasaPracticeUITests.xctest; sourceTree = BUILT_PRODUCTS_DIR; };
		02782E3427745FF7002076BD /* VacasaPracticeUITests.swift */ = {isa = PBXFileReference; lastKnownFileType = sourcecode.swift; path = VacasaPracticeUITests.swift; sourceTree = "<group>"; };
		02782E3627745FF7002076BD /* VacasaPracticeUITestsLaunchTests.swift */ = {isa = PBXFileReference; lastKnownFileType = sourcecode.swift; path = VacasaPracticeUITestsLaunchTests.swift; sourceTree = "<group>"; };
		02782E49277463D5002076BD /* RepositoriesListViewModel.swift */ = {isa = PBXFileReference; lastKnownFileType = sourcecode.swift; path = RepositoriesListViewModel.swift; sourceTree = "<group>"; };
		02782E4B27746447002076BD /* Repository.swift */ = {isa = PBXFileReference; lastKnownFileType = sourcecode.swift; path = Repository.swift; sourceTree = "<group>"; };
		02782E4E277464A6002076BD /* RepositoryService.swift */ = {isa = PBXFileReference; lastKnownFileType = sourcecode.swift; path = RepositoryService.swift; sourceTree = "<group>"; };
		02782E50277464EB002076BD /* ListError.swift */ = {isa = PBXFileReference; lastKnownFileType = sourcecode.swift; path = ListError.swift; sourceTree = "<group>"; };
		02782E522774662F002076BD /* RepositoryDto.swift */ = {isa = PBXFileReference; lastKnownFileType = sourcecode.swift; path = RepositoryDto.swift; sourceTree = "<group>"; };
		02782E5427746741002076BD /* GitHubApi.swift */ = {isa = PBXFileReference; lastKnownFileType = sourcecode.swift; path = GitHubApi.swift; sourceTree = "<group>"; };
		02782E5627746A73002076BD /* HttpMethod.swift */ = {isa = PBXFileReference; lastKnownFileType = sourcecode.swift; path = HttpMethod.swift; sourceTree = "<group>"; };
		02782E5827746AB4002076BD /* ApiError.swift.swift */ = {isa = PBXFileReference; lastKnownFileType = sourcecode.swift; path = ApiError.swift.swift; sourceTree = "<group>"; };
		02782E5A27747428002076BD /* RepositorySearchResultDto.swift */ = {isa = PBXFileReference; lastKnownFileType = sourcecode.swift; path = RepositorySearchResultDto.swift; sourceTree = "<group>"; };
		02782E612775176F002076BD /* RepositoryTableViewCell.swift */ = {isa = PBXFileReference; lastKnownFileType = sourcecode.swift; path = RepositoryTableViewCell.swift; sourceTree = "<group>"; };
		02782E6327751822002076BD /* TableViewCellExtensions.swift */ = {isa = PBXFileReference; lastKnownFileType = sourcecode.swift; path = TableViewCellExtensions.swift; sourceTree = "<group>"; };
		02782E6527751915002076BD /* UIViewControllerExtension.swift.swift */ = {isa = PBXFileReference; lastKnownFileType = sourcecode.swift; path = UIViewControllerExtension.swift.swift; sourceTree = "<group>"; };
		02782E6B277529C3002076BD /* SettingsViewController.swift */ = {isa = PBXFileReference; lastKnownFileType = sourcecode.swift; path = SettingsViewController.swift; sourceTree = "<group>"; };
		02782E6D27754CC4002076BD /* SettingsViewModel.swift */ = {isa = PBXFileReference; lastKnownFileType = sourcecode.swift; path = SettingsViewModel.swift; sourceTree = "<group>"; };
		02782E6F27754D54002076BD /* SettingsSection.swift */ = {isa = PBXFileReference; lastKnownFileType = sourcecode.swift; path = SettingsSection.swift; sourceTree = "<group>"; };
		02782E7327756284002076BD /* SettingRepository.swift */ = {isa = PBXFileReference; lastKnownFileType = sourcecode.swift; path = SettingRepository.swift; sourceTree = "<group>"; };
		02782E7527756816002076BD /* UserInfoView.swift */ = {isa = PBXFileReference; lastKnownFileType = sourcecode.swift; path = UserInfoView.swift; sourceTree = "<group>"; };
		02782E7727757104002076BD /* UserInfo.swift */ = {isa = PBXFileReference; lastKnownFileType = sourcecode.swift; path = UserInfo.swift; sourceTree = "<group>"; };
		02782E792775729E002076BD /* SettingTableViewCell.swift */ = {isa = PBXFileReference; lastKnownFileType = sourcecode.swift; path = SettingTableViewCell.swift; sourceTree = "<group>"; };
		02782E7B27758068002076BD /* Configurable.swift */ = {isa = PBXFileReference; lastKnownFileType = sourcecode.swift; path = Configurable.swift; sourceTree = "<group>"; };
		027A184D279CAB4400CCCF39 /* ExpandableButtonPanel.swift */ = {isa = PBXFileReference; lastKnownFileType = sourcecode.swift; path = ExpandableButtonPanel.swift; sourceTree = "<group>"; };
		027A1850279CB16E00CCCF39 /* SampleUIView.swift */ = {isa = PBXFileReference; lastKnownFileType = sourcecode.swift; path = SampleUIView.swift; sourceTree = "<group>"; };
		027A1852279CB35300CCCF39 /* SampleUIHostingViewController.swift */ = {isa = PBXFileReference; lastKnownFileType = sourcecode.swift; path = SampleUIHostingViewController.swift; sourceTree = "<group>"; };
		027A1857279CB74000CCCF39 /* ExpandableButtonRootView.swift */ = {isa = PBXFileReference; lastKnownFileType = sourcecode.swift; path = ExpandableButtonRootView.swift; sourceTree = "<group>"; };
		028E1539279A327E0008949E /* VacasaPractices.docc */ = {isa = PBXFileReference; lastKnownFileType = folder.documentationcatalog; path = VacasaPractices.docc; sourceTree = "<group>"; };
		02ACC40927AB39DB008991C0 /* BottomSheetContentView.swift */ = {isa = PBXFileReference; lastKnownFileType = sourcecode.swift; path = BottomSheetContentView.swift; sourceTree = "<group>"; };
		02ACC40B27AB8614008991C0 /* BottomSheetRootView.swift */ = {isa = PBXFileReference; lastKnownFileType = sourcecode.swift; path = BottomSheetRootView.swift; sourceTree = "<group>"; };
		02ACC41027ABB756008991C0 /* BottomSheetView.swift.swift */ = {isa = PBXFileReference; lastKnownFileType = sourcecode.swift; path = BottomSheetView.swift.swift; sourceTree = "<group>"; };
		02ACC41327AE247E008991C0 /* Level2.swift */ = {isa = PBXFileReference; lastKnownFileType = sourcecode.swift; path = Level2.swift; sourceTree = "<group>"; };
		02ACC41527AE24BC008991C0 /* NavRootView.swift */ = {isa = PBXFileReference; lastKnownFileType = sourcecode.swift; path = NavRootView.swift; sourceTree = "<group>"; };
		02ACC41727AE2563008991C0 /* DestinationView.swift */ = {isa = PBXFileReference; lastKnownFileType = sourcecode.swift; path = DestinationView.swift; sourceTree = "<group>"; };
		02ACC41927AE2C31008991C0 /* Level3.swift */ = {isa = PBXFileReference; lastKnownFileType = sourcecode.swift; path = Level3.swift; sourceTree = "<group>"; };
		02C820E22795011100F368B9 /* RepositoryListRow.swift */ = {isa = PBXFileReference; lastKnownFileType = sourcecode.swift; path = RepositoryListRow.swift; sourceTree = "<group>"; };
		02C820E42795028300F368B9 /* RepositoryListView.swift */ = {isa = PBXFileReference; lastKnownFileType = sourcecode.swift; path = RepositoryListView.swift; sourceTree = "<group>"; };
		02C820E6279504CA00F368B9 /* RepositoryListViewModel.swift */ = {isa = PBXFileReference; lastKnownFileType = sourcecode.swift; path = RepositoryListViewModel.swift; sourceTree = "<group>"; };
		02C820E827950FAC00F368B9 /* RepositoryListHostingViewController.swift */ = {isa = PBXFileReference; lastKnownFileType = sourcecode.swift; path = RepositoryListHostingViewController.swift; sourceTree = "<group>"; };
		02C820EB2797E2CB00F368B9 /* BundleExtensions.swift.swift */ = {isa = PBXFileReference; lastKnownFileType = sourcecode.swift; path = BundleExtensions.swift.swift; sourceTree = "<group>"; };
		02C820EF2797E38500F368B9 /* searchRepository.json */ = {isa = PBXFileReference; lastKnownFileType = text.json; path = searchRepository.json; sourceTree = "<group>"; };
		02C820F12797E58800F368B9 /* MockData.swift */ = {isa = PBXFileReference; lastKnownFileType = sourcecode.swift; path = MockData.swift; sourceTree = "<group>"; };
		02C820F32798F8DA00F368B9 /* ScreenPreview.swift */ = {isa = PBXFileReference; lastKnownFileType = sourcecode.swift; path = ScreenPreview.swift; sourceTree = "<group>"; };
		02E809B0279E637E00945E91 /* Hike.swift */ = {isa = PBXFileReference; lastKnownFileType = sourcecode.swift; path = Hike.swift; sourceTree = "<group>"; };
		02E809B2279E63D600945E91 /* hikeData.json */ = {isa = PBXFileReference; fileEncoding = 4; lastKnownFileType = text.json; path = hikeData.json; sourceTree = "<group>"; };
		02E809B7279E65A200945E91 /* GraphCapsule.swift */ = {isa = PBXFileReference; fileEncoding = 4; lastKnownFileType = sourcecode.swift; path = GraphCapsule.swift; sourceTree = "<group>"; };
		02E809B9279E65DC00945E91 /* HikeDetail.swift */ = {isa = PBXFileReference; fileEncoding = 4; lastKnownFileType = sourcecode.swift; path = HikeDetail.swift; sourceTree = "<group>"; };
		02E809BA279E65DC00945E91 /* HikeGraph.swift */ = {isa = PBXFileReference; fileEncoding = 4; lastKnownFileType = sourcecode.swift; path = HikeGraph.swift; sourceTree = "<group>"; };
		02E809BB279E65DC00945E91 /* HikeView.swift */ = {isa = PBXFileReference; fileEncoding = 4; lastKnownFileType = sourcecode.swift; path = HikeView.swift; sourceTree = "<group>"; };
		02E809C0279FD99F00945E91 /* CategoryHome.swift */ = {isa = PBXFileReference; lastKnownFileType = sourcecode.swift; path = CategoryHome.swift; sourceTree = "<group>"; };
		02E809C3279FDA1300945E91 /* Landmark.swift */ = {isa = PBXFileReference; lastKnownFileType = sourcecode.swift; path = Landmark.swift; sourceTree = "<group>"; };
		02E809C5279FDA8700945E91 /* landmarkData.json */ = {isa = PBXFileReference; fileEncoding = 4; lastKnownFileType = text.json; path = landmarkData.json; sourceTree = "<group>"; };
		02E809CA279FDB5B00945E91 /* LandmarkList.swift */ = {isa = PBXFileReference; fileEncoding = 4; lastKnownFileType = sourcecode.swift; path = LandmarkList.swift; sourceTree = "<group>"; };
		02E809CB279FDB5B00945E91 /* CircleImage.swift.swift */ = {isa = PBXFileReference; fileEncoding = 4; lastKnownFileType = sourcecode.swift; path = CircleImage.swift.swift; sourceTree = "<group>"; };
		02E809CC279FDB5B00945E91 /* FavoriteButton.swift */ = {isa = PBXFileReference; fileEncoding = 4; lastKnownFileType = sourcecode.swift; path = FavoriteButton.swift; sourceTree = "<group>"; };
		02E809CD279FDB5B00945E91 /* LandmarkRow.swift */ = {isa = PBXFileReference; fileEncoding = 4; lastKnownFileType = sourcecode.swift; path = LandmarkRow.swift; sourceTree = "<group>"; };
		02E809CE279FDB5C00945E91 /* LandmarkDetail.swift */ = {isa = PBXFileReference; fileEncoding = 4; lastKnownFileType = sourcecode.swift; path = LandmarkDetail.swift; sourceTree = "<group>"; };
		02E809D1279FDB5C00945E91 /* MapView.swift */ = {isa = PBXFileReference; fileEncoding = 4; lastKnownFileType = sourcecode.swift; path = MapView.swift; sourceTree = "<group>"; };
		02E809D2279FDB5C00945E91 /* LandmarkContentView.swift */ = {isa = PBXFileReference; fileEncoding = 4; lastKnownFileType = sourcecode.swift; path = LandmarkContentView.swift; sourceTree = "<group>"; };
		02E809DC279FDBE200945E91 /* ListViewModel.swift */ = {isa = PBXFileReference; fileEncoding = 4; lastKnownFileType = sourcecode.swift; path = ListViewModel.swift; sourceTree = "<group>"; };
		02E809DF279FDF4800945E91 /* LandmarkModelData.swift */ = {isa = PBXFileReference; lastKnownFileType = sourcecode.swift; path = LandmarkModelData.swift; sourceTree = "<group>"; };
		02E809E127A1209600945E91 /* CategoryRow.swift */ = {isa = PBXFileReference; lastKnownFileType = sourcecode.swift; path = CategoryRow.swift; sourceTree = "<group>"; };
		02E809E327A1230100945E91 /* CategoryItem.swift */ = {isa = PBXFileReference; lastKnownFileType = sourcecode.swift; path = CategoryItem.swift; sourceTree = "<group>"; };
		02E809E527A2294D00945E91 /* Profile.swift */ = {isa = PBXFileReference; lastKnownFileType = sourcecode.swift; path = Profile.swift; sourceTree = "<group>"; };
		02FA9D5027A22B91003344BC /* ProfileHost.swift */ = {isa = PBXFileReference; lastKnownFileType = sourcecode.swift; path = ProfileHost.swift; sourceTree = "<group>"; };
		02FA9D5227A22EEA003344BC /* ProfileSummary.swift */ = {isa = PBXFileReference; lastKnownFileType = sourcecode.swift; path = ProfileSummary.swift; sourceTree = "<group>"; };
		02FA9D5427A2375C003344BC /* ProfileEditor.swift */ = {isa = PBXFileReference; lastKnownFileType = sourcecode.swift; path = ProfileEditor.swift; sourceTree = "<group>"; };
		02FA9D5627A8730F003344BC /* CreditCardFilter.swift */ = {isa = PBXFileReference; lastKnownFileType = sourcecode.swift; path = CreditCardFilter.swift; sourceTree = "<group>"; };
		02FA9D5827A87CC1003344BC /* CreditCardFilterTests.swift */ = {isa = PBXFileReference; lastKnownFileType = sourcecode.swift; path = CreditCardFilterTests.swift; sourceTree = "<group>"; };
		02FA9D5B27AB2D5D003344BC /* BottomSheet.swift */ = {isa = PBXFileReference; lastKnownFileType = sourcecode.swift; path = BottomSheet.swift; sourceTree = "<group>"; };
/* End PBXFileReference section */

/* Begin PBXFrameworksBuildPhase section */
		02782E0D27745FF4002076BD /* Frameworks */ = {
			isa = PBXFrameworksBuildPhase;
			buildActionMask = 2147483647;
			files = (
				02782E602775155B002076BD /* SnapKit in Frameworks */,
			);
			runOnlyForDeploymentPostprocessing = 0;
		};
		02782E2327745FF7002076BD /* Frameworks */ = {
			isa = PBXFrameworksBuildPhase;
			buildActionMask = 2147483647;
			files = (
			);
			runOnlyForDeploymentPostprocessing = 0;
		};
		02782E2D27745FF7002076BD /* Frameworks */ = {
			isa = PBXFrameworksBuildPhase;
			buildActionMask = 2147483647;
			files = (
			);
			runOnlyForDeploymentPostprocessing = 0;
		};
/* End PBXFrameworksBuildPhase section */

/* Begin PBXGroup section */
		0240B0CD27AF16200060DAA4 /* CardView */ = {
			isa = PBXGroup;
			children = (
				0240B0CE27AF16670060DAA4 /* Card.swift */,
				0240B0D127AF22D20060DAA4 /* CardRootView.swift */,
			);
			path = CardView;
			sourceTree = "<group>";
		};
		02782E0727745FF4002076BD = {
			isa = PBXGroup;
			children = (
				02782E1227745FF4002076BD /* VacasaPractice */,
				02782E2927745FF7002076BD /* VacasaPracticeTests */,
				02782E3327745FF7002076BD /* VacasaPracticeUITests */,
				02C820EA2797E20800F368B9 /* Preview Content */,
				028E1539279A327E0008949E /* VacasaPractices.docc */,
				02782E1127745FF4002076BD /* Products */,
			);
			sourceTree = "<group>";
		};
		02782E1127745FF4002076BD /* Products */ = {
			isa = PBXGroup;
			children = (
				02782E1027745FF4002076BD /* VacasaPractice.app */,
				02782E2627745FF7002076BD /* VacasaPracticeTests.xctest */,
				02782E3027745FF7002076BD /* VacasaPracticeUITests.xctest */,
			);
			name = Products;
			sourceTree = "<group>";
		};
		02782E1227745FF4002076BD /* VacasaPractice */ = {
			isa = PBXGroup;
			children = (
				027A184C279CAB0700CCCF39 /* SwiftUI */,
				02782E4327746320002076BD /* Core */,
				02782E4427746329002076BD /* Features */,
				02782E1327745FF5002076BD /* AppDelegate.swift */,
				02782E1527745FF5002076BD /* SceneDelegate.swift */,
				02782E1927745FF5002076BD /* Main.storyboard */,
				02782E1C27745FF6002076BD /* Assets.xcassets */,
				02782E1E27745FF6002076BD /* LaunchScreen.storyboard */,
				02782E2127745FF6002076BD /* Info.plist */,
			);
			path = VacasaPractice;
			sourceTree = "<group>";
		};
		02782E2927745FF7002076BD /* VacasaPracticeTests */ = {
			isa = PBXGroup;
			children = (
				02782E2A27745FF7002076BD /* RepositoriesListViewModelTests.swift */,
				02FA9D5827A87CC1003344BC /* CreditCardFilterTests.swift */,
			);
			path = VacasaPracticeTests;
			sourceTree = "<group>";
		};
		02782E3327745FF7002076BD /* VacasaPracticeUITests */ = {
			isa = PBXGroup;
			children = (
				02782E3427745FF7002076BD /* VacasaPracticeUITests.swift */,
				02782E3627745FF7002076BD /* VacasaPracticeUITestsLaunchTests.swift */,
			);
			path = VacasaPracticeUITests;
			sourceTree = "<group>";
		};
		02782E4327746320002076BD /* Core */ = {
			isa = PBXGroup;
			children = (
				02782E4627746343002076BD /* Utils */,
				02782E452774633B002076BD /* Networking */,
			);
			path = Core;
			sourceTree = "<group>";
		};
		02782E4427746329002076BD /* Features */ = {
			isa = PBXGroup;
			children = (
				027A184F279CAEA900CCCF39 /* SwiftUISample */,
				02C820E1279500F200F368B9 /* RepositoriesListSwiftUI */,
				02782E4727746354002076BD /* RepositoriesList */,
				02782E692775298F002076BD /* Settings */,
			);
			path = Features;
			sourceTree = "<group>";
		};
		02782E452774633B002076BD /* Networking */ = {
			isa = PBXGroup;
			children = (
				02782E4D2774648D002076BD /* Dtos */,
				02782E4E277464A6002076BD /* RepositoryService.swift */,
				02782E5427746741002076BD /* GitHubApi.swift */,
				02782E5627746A73002076BD /* HttpMethod.swift */,
				02782E5827746AB4002076BD /* ApiError.swift.swift */,
			);
			path = Networking;
			sourceTree = "<group>";
		};
		02782E4627746343002076BD /* Utils */ = {
			isa = PBXGroup;
			children = (
				02782E6327751822002076BD /* TableViewCellExtensions.swift */,
				02782E6527751915002076BD /* UIViewControllerExtension.swift.swift */,
				02782E7B27758068002076BD /* Configurable.swift */,
				02C820EB2797E2CB00F368B9 /* BundleExtensions.swift.swift */,
				02C820F32798F8DA00F368B9 /* ScreenPreview.swift */,
				02FA9D5627A8730F003344BC /* CreditCardFilter.swift */,
			);
			path = Utils;
			sourceTree = "<group>";
		};
		02782E4727746354002076BD /* RepositoriesList */ = {
			isa = PBXGroup;
			children = (
				02782E4827746372002076BD /* Views */,
				02782E49277463D5002076BD /* RepositoriesListViewModel.swift */,
				02782E1727745FF5002076BD /* RepositoriesViewController.swift */,
				02782E4B27746447002076BD /* Repository.swift */,
				02782E50277464EB002076BD /* ListError.swift */,
			);
			path = RepositoriesList;
			sourceTree = "<group>";
		};
		02782E4827746372002076BD /* Views */ = {
			isa = PBXGroup;
			children = (
				02782E612775176F002076BD /* RepositoryTableViewCell.swift */,
			);
			path = Views;
			sourceTree = "<group>";
		};
		02782E4D2774648D002076BD /* Dtos */ = {
			isa = PBXGroup;
			children = (
				02782E522774662F002076BD /* RepositoryDto.swift */,
				02782E5A27747428002076BD /* RepositorySearchResultDto.swift */,
			);
			path = Dtos;
			sourceTree = "<group>";
		};
		02782E692775298F002076BD /* Settings */ = {
			isa = PBXGroup;
			children = (
				02782E6A277529A5002076BD /* Views */,
				02782E6B277529C3002076BD /* SettingsViewController.swift */,
				02782E6D27754CC4002076BD /* SettingsViewModel.swift */,
				02782E6F27754D54002076BD /* SettingsSection.swift */,
				02782E7327756284002076BD /* SettingRepository.swift */,
				02782E7727757104002076BD /* UserInfo.swift */,
			);
			path = Settings;
			sourceTree = "<group>";
		};
		02782E6A277529A5002076BD /* Views */ = {
			isa = PBXGroup;
			children = (
				02782E7527756816002076BD /* UserInfoView.swift */,
				02782E792775729E002076BD /* SettingTableViewCell.swift */,
			);
			path = Views;
			sourceTree = "<group>";
		};
		027A184C279CAB0700CCCF39 /* SwiftUI */ = {
			isa = PBXGroup;
			children = (
				0240B0CD27AF16200060DAA4 /* CardView */,
				02ACC41227AE2354008991C0 /* Navigation */,
				02FA9D5A27AB2CBE003344BC /* BottomSheet */,
				02E809C7279FDAD700945E91 /* Landmark */,
				02E809BF279FD97C00945E91 /* CategoryView */,
				02E809AF279E635800945E91 /* AnimationHikingData */,
				027A1854279CB6E800CCCF39 /* ExpandableButtonPanel */,
			);
			path = SwiftUI;
			sourceTree = "<group>";
		};
		027A184F279CAEA900CCCF39 /* SwiftUISample */ = {
			isa = PBXGroup;
			children = (
				027A1850279CB16E00CCCF39 /* SampleUIView.swift */,
				027A1852279CB35300CCCF39 /* SampleUIHostingViewController.swift */,
			);
			path = SwiftUISample;
			sourceTree = "<group>";
		};
		027A1854279CB6E800CCCF39 /* ExpandableButtonPanel */ = {
			isa = PBXGroup;
			children = (
				027A184D279CAB4400CCCF39 /* ExpandableButtonPanel.swift */,
				027A1857279CB74000CCCF39 /* ExpandableButtonRootView.swift */,
			);
			path = ExpandableButtonPanel;
			sourceTree = "<group>";
		};
		02ACC41227AE2354008991C0 /* Navigation */ = {
			isa = PBXGroup;
			children = (
				02ACC41327AE247E008991C0 /* Level2.swift */,
				02ACC41927AE2C31008991C0 /* Level3.swift */,
				02ACC41527AE24BC008991C0 /* NavRootView.swift */,
				02ACC41727AE2563008991C0 /* DestinationView.swift */,
			);
			path = Navigation;
			sourceTree = "<group>";
		};
		02C820E1279500F200F368B9 /* RepositoriesListSwiftUI */ = {
			isa = PBXGroup;
			children = (
				02C820E22795011100F368B9 /* RepositoryListRow.swift */,
				02C820E42795028300F368B9 /* RepositoryListView.swift */,
				02C820E6279504CA00F368B9 /* RepositoryListViewModel.swift */,
				02C820E827950FAC00F368B9 /* RepositoryListHostingViewController.swift */,
			);
			path = RepositoriesListSwiftUI;
			sourceTree = "<group>";
		};
		02C820EA2797E20800F368B9 /* Preview Content */ = {
			isa = PBXGroup;
			children = (
				02C820ED2797E33900F368B9 /* Json */,
				02C820F12797E58800F368B9 /* MockData.swift */,
			);
			path = "Preview Content";
			sourceTree = "<group>";
		};
		02C820ED2797E33900F368B9 /* Json */ = {
			isa = PBXGroup;
			children = (
				02C820EF2797E38500F368B9 /* searchRepository.json */,
				02E809B2279E63D600945E91 /* hikeData.json */,
				02E809C5279FDA8700945E91 /* landmarkData.json */,
			);
			path = Json;
			sourceTree = "<group>";
		};
		02E809AF279E635800945E91 /* AnimationHikingData */ = {
			isa = PBXGroup;
			children = (
				02E809B6279E657900945E91 /* Views */,
				02E809B0279E637E00945E91 /* Hike.swift */,
			);
			path = AnimationHikingData;
			sourceTree = "<group>";
		};
		02E809B6279E657900945E91 /* Views */ = {
			isa = PBXGroup;
			children = (
				02E809B7279E65A200945E91 /* GraphCapsule.swift */,
				02E809B9279E65DC00945E91 /* HikeDetail.swift */,
				02E809BA279E65DC00945E91 /* HikeGraph.swift */,
				02E809BB279E65DC00945E91 /* HikeView.swift */,
			);
			path = Views;
			sourceTree = "<group>";
		};
		02E809BF279FD97C00945E91 /* CategoryView */ = {
			isa = PBXGroup;
			children = (
				02E809C0279FD99F00945E91 /* CategoryHome.swift */,
				02E809DF279FDF4800945E91 /* LandmarkModelData.swift */,
				02E809E127A1209600945E91 /* CategoryRow.swift */,
				02E809E327A1230100945E91 /* CategoryItem.swift */,
			);
			path = CategoryView;
			sourceTree = "<group>";
		};
		02E809C7279FDAD700945E91 /* Landmark */ = {
			isa = PBXGroup;
			children = (
				02E809C9279FDB3F00945E91 /* Views */,
				02E809C8279FDB0700945E91 /* Model */,
			);
			path = Landmark;
			sourceTree = "<group>";
		};
		02E809C8279FDB0700945E91 /* Model */ = {
			isa = PBXGroup;
			children = (
				02E809DC279FDBE200945E91 /* ListViewModel.swift */,
				02E809C3279FDA1300945E91 /* Landmark.swift */,
				02E809E527A2294D00945E91 /* Profile.swift */,
			);
			path = Model;
			sourceTree = "<group>";
		};
		02E809C9279FDB3F00945E91 /* Views */ = {
			isa = PBXGroup;
			children = (
				02FA9D4F27A22B7A003344BC /* Profile */,
				02E809CB279FDB5B00945E91 /* CircleImage.swift.swift */,
				02E809D2279FDB5C00945E91 /* LandmarkContentView.swift */,
				02E809CC279FDB5B00945E91 /* FavoriteButton.swift */,
				02E809CE279FDB5C00945E91 /* LandmarkDetail.swift */,
				02E809CA279FDB5B00945E91 /* LandmarkList.swift */,
				02E809CD279FDB5B00945E91 /* LandmarkRow.swift */,
				02E809D1279FDB5C00945E91 /* MapView.swift */,
			);
			path = Views;
			sourceTree = "<group>";
		};
		02FA9D4F27A22B7A003344BC /* Profile */ = {
			isa = PBXGroup;
			children = (
				02FA9D5027A22B91003344BC /* ProfileHost.swift */,
				02FA9D5227A22EEA003344BC /* ProfileSummary.swift */,
				02FA9D5427A2375C003344BC /* ProfileEditor.swift */,
			);
			path = Profile;
			sourceTree = "<group>";
		};
		02FA9D5A27AB2CBE003344BC /* BottomSheet */ = {
			isa = PBXGroup;
			children = (
				02FA9D5B27AB2D5D003344BC /* BottomSheet.swift */,
				02ACC40927AB39DB008991C0 /* BottomSheetContentView.swift */,
				02ACC40B27AB8614008991C0 /* BottomSheetRootView.swift */,
				02ACC41027ABB756008991C0 /* BottomSheetView.swift.swift */,
			);
			name = BottomSheet;
			sourceTree = "<group>";
		};
/* End PBXGroup section */

/* Begin PBXNativeTarget section */
		02782E0F27745FF4002076BD /* VacasaPractice */ = {
			isa = PBXNativeTarget;
			buildConfigurationList = 02782E3A27745FF7002076BD /* Build configuration list for PBXNativeTarget "VacasaPractice" */;
			buildPhases = (
				02782E0C27745FF4002076BD /* Sources */,
				02782E0D27745FF4002076BD /* Frameworks */,
				02782E0E27745FF4002076BD /* Resources */,
			);
			buildRules = (
			);
			dependencies = (
			);
			name = VacasaPractice;
			packageProductDependencies = (
				02782E5F2775155B002076BD /* SnapKit */,
			);
			productName = VacasaPractice;
			productReference = 02782E1027745FF4002076BD /* VacasaPractice.app */;
			productType = "com.apple.product-type.application";
		};
		02782E2527745FF7002076BD /* VacasaPracticeTests */ = {
			isa = PBXNativeTarget;
			buildConfigurationList = 02782E3D27745FF7002076BD /* Build configuration list for PBXNativeTarget "VacasaPracticeTests" */;
			buildPhases = (
				02782E2227745FF7002076BD /* Sources */,
				02782E2327745FF7002076BD /* Frameworks */,
				02782E2427745FF7002076BD /* Resources */,
			);
			buildRules = (
			);
			dependencies = (
				02782E2827745FF7002076BD /* PBXTargetDependency */,
			);
			name = VacasaPracticeTests;
			productName = VacasaPracticeTests;
			productReference = 02782E2627745FF7002076BD /* VacasaPracticeTests.xctest */;
			productType = "com.apple.product-type.bundle.unit-test";
		};
		02782E2F27745FF7002076BD /* VacasaPracticeUITests */ = {
			isa = PBXNativeTarget;
			buildConfigurationList = 02782E4027745FF7002076BD /* Build configuration list for PBXNativeTarget "VacasaPracticeUITests" */;
			buildPhases = (
				02782E2C27745FF7002076BD /* Sources */,
				02782E2D27745FF7002076BD /* Frameworks */,
				02782E2E27745FF7002076BD /* Resources */,
			);
			buildRules = (
			);
			dependencies = (
				02782E3227745FF7002076BD /* PBXTargetDependency */,
			);
			name = VacasaPracticeUITests;
			productName = VacasaPracticeUITests;
			productReference = 02782E3027745FF7002076BD /* VacasaPracticeUITests.xctest */;
			productType = "com.apple.product-type.bundle.ui-testing";
		};
/* End PBXNativeTarget section */

/* Begin PBXProject section */
		02782E0827745FF4002076BD /* Project object */ = {
			isa = PBXProject;
			attributes = {
				BuildIndependentTargetsInParallel = 1;
				LastSwiftUpdateCheck = 1320;
				LastUpgradeCheck = 1320;
				TargetAttributes = {
					02782E0F27745FF4002076BD = {
						CreatedOnToolsVersion = 13.2.1;
					};
					02782E2527745FF7002076BD = {
						CreatedOnToolsVersion = 13.2.1;
						TestTargetID = 02782E0F27745FF4002076BD;
					};
					02782E2F27745FF7002076BD = {
						CreatedOnToolsVersion = 13.2.1;
						TestTargetID = 02782E0F27745FF4002076BD;
					};
				};
			};
			buildConfigurationList = 02782E0B27745FF4002076BD /* Build configuration list for PBXProject "VacasaPractice" */;
			compatibilityVersion = "Xcode 13.0";
			developmentRegion = en;
			hasScannedForEncodings = 0;
			knownRegions = (
				en,
				Base,
			);
			mainGroup = 02782E0727745FF4002076BD;
			packageReferences = (
				02782E5E2775155B002076BD /* XCRemoteSwiftPackageReference "SnapKit" */,
			);
			productRefGroup = 02782E1127745FF4002076BD /* Products */;
			projectDirPath = "";
			projectRoot = "";
			targets = (
				02782E0F27745FF4002076BD /* VacasaPractice */,
				02782E2527745FF7002076BD /* VacasaPracticeTests */,
				02782E2F27745FF7002076BD /* VacasaPracticeUITests */,
			);
		};
/* End PBXProject section */

/* Begin PBXResourcesBuildPhase section */
		02782E0E27745FF4002076BD /* Resources */ = {
			isa = PBXResourcesBuildPhase;
			buildActionMask = 2147483647;
			files = (
				02782E2027745FF6002076BD /* LaunchScreen.storyboard in Resources */,
				02782E1D27745FF6002076BD /* Assets.xcassets in Resources */,
				02782E1B27745FF5002076BD /* Main.storyboard in Resources */,
				02C820F02797E38500F368B9 /* searchRepository.json in Resources */,
				02E809B3279E63D600945E91 /* hikeData.json in Resources */,
				02E809C6279FDA8700945E91 /* landmarkData.json in Resources */,
			);
			runOnlyForDeploymentPostprocessing = 0;
		};
		02782E2427745FF7002076BD /* Resources */ = {
			isa = PBXResourcesBuildPhase;
			buildActionMask = 2147483647;
			files = (
			);
			runOnlyForDeploymentPostprocessing = 0;
		};
		02782E2E27745FF7002076BD /* Resources */ = {
			isa = PBXResourcesBuildPhase;
			buildActionMask = 2147483647;
			files = (
			);
			runOnlyForDeploymentPostprocessing = 0;
		};
/* End PBXResourcesBuildPhase section */

/* Begin PBXSourcesBuildPhase section */
		02782E0C27745FF4002076BD /* Sources */ = {
			isa = PBXSourcesBuildPhase;
			buildActionMask = 2147483647;
			files = (
				028E153A279A327E0008949E /* VacasaPractices.docc in Sources */,
				027A184E279CAB4400CCCF39 /* ExpandableButtonPanel.swift in Sources */,
				02E809D4279FDB5C00945E91 /* CircleImage.swift.swift in Sources */,
				02E809D5279FDB5C00945E91 /* FavoriteButton.swift in Sources */,
				02C820F42798F8DB00F368B9 /* ScreenPreview.swift in Sources */,
				02C820F22797E58800F368B9 /* MockData.swift in Sources */,
				02E809E227A1209600945E91 /* CategoryRow.swift in Sources */,
				02ACC41827AE2563008991C0 /* DestinationView.swift in Sources */,
				02782E7A2775729E002076BD /* SettingTableViewCell.swift in Sources */,
				02782E5727746A73002076BD /* HttpMethod.swift in Sources */,
				02E809B1279E637E00945E91 /* Hike.swift in Sources */,
				0240B0CF27AF16670060DAA4 /* Card.swift in Sources */,
				02E809BC279E65DD00945E91 /* HikeDetail.swift in Sources */,
				02782E1827745FF5002076BD /* RepositoriesViewController.swift in Sources */,
				02C820E927950FAC00F368B9 /* RepositoryListHostingViewController.swift in Sources */,
				02E809B8279E65A200945E91 /* GraphCapsule.swift in Sources */,
				02782E51277464EB002076BD /* ListError.swift in Sources */,
				02782E1427745FF5002076BD /* AppDelegate.swift in Sources */,
				02E809BE279E65DD00945E91 /* HikeView.swift in Sources */,
				02ACC41A27AE2C31008991C0 /* Level3.swift in Sources */,
				02E809E427A1230100945E91 /* CategoryItem.swift in Sources */,
				02782E6627751915002076BD /* UIViewControllerExtension.swift.swift in Sources */,
				02782E5B27747428002076BD /* RepositorySearchResultDto.swift in Sources */,
				02782E7027754D54002076BD /* SettingsSection.swift in Sources */,
				02782E622775176F002076BD /* RepositoryTableViewCell.swift in Sources */,
				02782E5527746741002076BD /* GitHubApi.swift in Sources */,
				02E809D3279FDB5C00945E91 /* LandmarkList.swift in Sources */,
				02782E6E27754CC4002076BD /* SettingsViewModel.swift in Sources */,
				02E809E627A2294D00945E91 /* Profile.swift in Sources */,
				02FA9D5527A2375C003344BC /* ProfileEditor.swift in Sources */,
				02782E7427756285002076BD /* SettingRepository.swift in Sources */,
				02C820E52795028300F368B9 /* RepositoryListView.swift in Sources */,
				027A1851279CB16E00CCCF39 /* SampleUIView.swift in Sources */,
				027A1853279CB35300CCCF39 /* SampleUIHostingViewController.swift in Sources */,
				02FA9D5327A22EEA003344BC /* ProfileSummary.swift in Sources */,
				02782E4F277464A6002076BD /* RepositoryService.swift in Sources */,
				02782E4C27746447002076BD /* Repository.swift in Sources */,
				02782E4A277463D5002076BD /* RepositoriesListViewModel.swift in Sources */,
				02782E6C277529C3002076BD /* SettingsViewController.swift in Sources */,
				02782E532774662F002076BD /* RepositoryDto.swift in Sources */,
				02782E6427751822002076BD /* TableViewCellExtensions.swift in Sources */,
				02782E5927746AB4002076BD /* ApiError.swift.swift in Sources */,
				027A1858279CB74000CCCF39 /* ExpandableButtonRootView.swift in Sources */,
				02ACC41127ABB756008991C0 /* BottomSheetView.swift.swift in Sources */,
				02E809DA279FDB5C00945E91 /* MapView.swift in Sources */,
				02782E1627745FF5002076BD /* SceneDelegate.swift in Sources */,
				02782E7827757104002076BD /* UserInfo.swift in Sources */,
				02E809C1279FD99F00945E91 /* CategoryHome.swift in Sources */,
				02FA9D5727A8730F003344BC /* CreditCardFilter.swift in Sources */,
				02E809DB279FDB5C00945E91 /* LandmarkContentView.swift in Sources */,
				0240B0D227AF22D20060DAA4 /* CardRootView.swift in Sources */,
				02FA9D5127A22B91003344BC /* ProfileHost.swift in Sources */,
				02ACC40A27AB39DB008991C0 /* BottomSheetContentView.swift in Sources */,
				02ACC41627AE24BC008991C0 /* NavRootView.swift in Sources */,
				02ACC40C27AB8614008991C0 /* BottomSheetRootView.swift in Sources */,
				02E809DD279FDBE200945E91 /* ListViewModel.swift in Sources */,
				02E809C4279FDA1300945E91 /* Landmark.swift in Sources */,
				02782E7C27758068002076BD /* Configurable.swift in Sources */,
				02E809BD279E65DD00945E91 /* HikeGraph.swift in Sources */,
				02ACC41427AE247E008991C0 /* Level2.swift in Sources */,
				02C820EC2797E2CB00F368B9 /* BundleExtensions.swift.swift in Sources */,
				02E809D6279FDB5C00945E91 /* LandmarkRow.swift in Sources */,
				02C820E32795011100F368B9 /* RepositoryListRow.swift in Sources */,
				02E809E0279FDF4800945E91 /* LandmarkModelData.swift in Sources */,
				02FA9D5C27AB2D5D003344BC /* BottomSheet.swift in Sources */,
				02782E7627756816002076BD /* UserInfoView.swift in Sources */,
				02C820E7279504CA00F368B9 /* RepositoryListViewModel.swift in Sources */,
				02E809D7279FDB5C00945E91 /* LandmarkDetail.swift in Sources */,
			);
			runOnlyForDeploymentPostprocessing = 0;
		};
		02782E2227745FF7002076BD /* Sources */ = {
			isa = PBXSourcesBuildPhase;
			buildActionMask = 2147483647;
			files = (
				02FA9D5927A87CC1003344BC /* CreditCardFilterTests.swift in Sources */,
				02782E2B27745FF7002076BD /* RepositoriesListViewModelTests.swift in Sources */,
			);
			runOnlyForDeploymentPostprocessing = 0;
		};
		02782E2C27745FF7002076BD /* Sources */ = {
			isa = PBXSourcesBuildPhase;
			buildActionMask = 2147483647;
			files = (
				02782E3727745FF7002076BD /* VacasaPracticeUITestsLaunchTests.swift in Sources */,
				02782E3527745FF7002076BD /* VacasaPracticeUITests.swift in Sources */,
			);
			runOnlyForDeploymentPostprocessing = 0;
		};
/* End PBXSourcesBuildPhase section */

/* Begin PBXTargetDependency section */
		02782E2827745FF7002076BD /* PBXTargetDependency */ = {
			isa = PBXTargetDependency;
			target = 02782E0F27745FF4002076BD /* VacasaPractice */;
			targetProxy = 02782E2727745FF7002076BD /* PBXContainerItemProxy */;
		};
		02782E3227745FF7002076BD /* PBXTargetDependency */ = {
			isa = PBXTargetDependency;
			target = 02782E0F27745FF4002076BD /* VacasaPractice */;
			targetProxy = 02782E3127745FF7002076BD /* PBXContainerItemProxy */;
		};
/* End PBXTargetDependency section */

/* Begin PBXVariantGroup section */
		02782E1927745FF5002076BD /* Main.storyboard */ = {
			isa = PBXVariantGroup;
			children = (
				02782E1A27745FF5002076BD /* Base */,
			);
			name = Main.storyboard;
			sourceTree = "<group>";
		};
		02782E1E27745FF6002076BD /* LaunchScreen.storyboard */ = {
			isa = PBXVariantGroup;
			children = (
				02782E1F27745FF6002076BD /* Base */,
			);
			name = LaunchScreen.storyboard;
			sourceTree = "<group>";
		};
/* End PBXVariantGroup section */

/* Begin XCBuildConfiguration section */
		02782E3827745FF7002076BD /* Debug */ = {
			isa = XCBuildConfiguration;
			buildSettings = {
				ALWAYS_SEARCH_USER_PATHS = NO;
				CLANG_ANALYZER_NONNULL = YES;
				CLANG_ANALYZER_NUMBER_OBJECT_CONVERSION = YES_AGGRESSIVE;
				CLANG_CXX_LANGUAGE_STANDARD = "gnu++17";
				CLANG_CXX_LIBRARY = "libc++";
				CLANG_ENABLE_MODULES = YES;
				CLANG_ENABLE_OBJC_ARC = YES;
				CLANG_ENABLE_OBJC_WEAK = YES;
				CLANG_WARN_BLOCK_CAPTURE_AUTORELEASING = YES;
				CLANG_WARN_BOOL_CONVERSION = YES;
				CLANG_WARN_COMMA = YES;
				CLANG_WARN_CONSTANT_CONVERSION = YES;
				CLANG_WARN_DEPRECATED_OBJC_IMPLEMENTATIONS = YES;
				CLANG_WARN_DIRECT_OBJC_ISA_USAGE = YES_ERROR;
				CLANG_WARN_DOCUMENTATION_COMMENTS = YES;
				CLANG_WARN_EMPTY_BODY = YES;
				CLANG_WARN_ENUM_CONVERSION = YES;
				CLANG_WARN_INFINITE_RECURSION = YES;
				CLANG_WARN_INT_CONVERSION = YES;
				CLANG_WARN_NON_LITERAL_NULL_CONVERSION = YES;
				CLANG_WARN_OBJC_IMPLICIT_RETAIN_SELF = YES;
				CLANG_WARN_OBJC_LITERAL_CONVERSION = YES;
				CLANG_WARN_OBJC_ROOT_CLASS = YES_ERROR;
				CLANG_WARN_QUOTED_INCLUDE_IN_FRAMEWORK_HEADER = YES;
				CLANG_WARN_RANGE_LOOP_ANALYSIS = YES;
				CLANG_WARN_STRICT_PROTOTYPES = YES;
				CLANG_WARN_SUSPICIOUS_MOVE = YES;
				CLANG_WARN_UNGUARDED_AVAILABILITY = YES_AGGRESSIVE;
				CLANG_WARN_UNREACHABLE_CODE = YES;
				CLANG_WARN__DUPLICATE_METHOD_MATCH = YES;
				COPY_PHASE_STRIP = NO;
				DEBUG_INFORMATION_FORMAT = dwarf;
				ENABLE_STRICT_OBJC_MSGSEND = YES;
				ENABLE_TESTABILITY = YES;
				GCC_C_LANGUAGE_STANDARD = gnu11;
				GCC_DYNAMIC_NO_PIC = NO;
				GCC_NO_COMMON_BLOCKS = YES;
				GCC_OPTIMIZATION_LEVEL = 0;
				GCC_PREPROCESSOR_DEFINITIONS = (
					"DEBUG=1",
					"$(inherited)",
				);
				GCC_WARN_64_TO_32_BIT_CONVERSION = YES;
				GCC_WARN_ABOUT_RETURN_TYPE = YES_ERROR;
				GCC_WARN_UNDECLARED_SELECTOR = YES;
				GCC_WARN_UNINITIALIZED_AUTOS = YES_AGGRESSIVE;
				GCC_WARN_UNUSED_FUNCTION = YES;
				GCC_WARN_UNUSED_VARIABLE = YES;
				IPHONEOS_DEPLOYMENT_TARGET = 15.2;
				MTL_ENABLE_DEBUG_INFO = INCLUDE_SOURCE;
				MTL_FAST_MATH = YES;
				ONLY_ACTIVE_ARCH = YES;
				SDKROOT = iphoneos;
				SWIFT_ACTIVE_COMPILATION_CONDITIONS = DEBUG;
				SWIFT_OPTIMIZATION_LEVEL = "-Onone";
			};
			name = Debug;
		};
		02782E3927745FF7002076BD /* Release */ = {
			isa = XCBuildConfiguration;
			buildSettings = {
				ALWAYS_SEARCH_USER_PATHS = NO;
				CLANG_ANALYZER_NONNULL = YES;
				CLANG_ANALYZER_NUMBER_OBJECT_CONVERSION = YES_AGGRESSIVE;
				CLANG_CXX_LANGUAGE_STANDARD = "gnu++17";
				CLANG_CXX_LIBRARY = "libc++";
				CLANG_ENABLE_MODULES = YES;
				CLANG_ENABLE_OBJC_ARC = YES;
				CLANG_ENABLE_OBJC_WEAK = YES;
				CLANG_WARN_BLOCK_CAPTURE_AUTORELEASING = YES;
				CLANG_WARN_BOOL_CONVERSION = YES;
				CLANG_WARN_COMMA = YES;
				CLANG_WARN_CONSTANT_CONVERSION = YES;
				CLANG_WARN_DEPRECATED_OBJC_IMPLEMENTATIONS = YES;
				CLANG_WARN_DIRECT_OBJC_ISA_USAGE = YES_ERROR;
				CLANG_WARN_DOCUMENTATION_COMMENTS = YES;
				CLANG_WARN_EMPTY_BODY = YES;
				CLANG_WARN_ENUM_CONVERSION = YES;
				CLANG_WARN_INFINITE_RECURSION = YES;
				CLANG_WARN_INT_CONVERSION = YES;
				CLANG_WARN_NON_LITERAL_NULL_CONVERSION = YES;
				CLANG_WARN_OBJC_IMPLICIT_RETAIN_SELF = YES;
				CLANG_WARN_OBJC_LITERAL_CONVERSION = YES;
				CLANG_WARN_OBJC_ROOT_CLASS = YES_ERROR;
				CLANG_WARN_QUOTED_INCLUDE_IN_FRAMEWORK_HEADER = YES;
				CLANG_WARN_RANGE_LOOP_ANALYSIS = YES;
				CLANG_WARN_STRICT_PROTOTYPES = YES;
				CLANG_WARN_SUSPICIOUS_MOVE = YES;
				CLANG_WARN_UNGUARDED_AVAILABILITY = YES_AGGRESSIVE;
				CLANG_WARN_UNREACHABLE_CODE = YES;
				CLANG_WARN__DUPLICATE_METHOD_MATCH = YES;
				COPY_PHASE_STRIP = NO;
				DEBUG_INFORMATION_FORMAT = "dwarf-with-dsym";
				ENABLE_NS_ASSERTIONS = NO;
				ENABLE_STRICT_OBJC_MSGSEND = YES;
				GCC_C_LANGUAGE_STANDARD = gnu11;
				GCC_NO_COMMON_BLOCKS = YES;
				GCC_WARN_64_TO_32_BIT_CONVERSION = YES;
				GCC_WARN_ABOUT_RETURN_TYPE = YES_ERROR;
				GCC_WARN_UNDECLARED_SELECTOR = YES;
				GCC_WARN_UNINITIALIZED_AUTOS = YES_AGGRESSIVE;
				GCC_WARN_UNUSED_FUNCTION = YES;
				GCC_WARN_UNUSED_VARIABLE = YES;
				IPHONEOS_DEPLOYMENT_TARGET = 15.2;
				MTL_ENABLE_DEBUG_INFO = NO;
				MTL_FAST_MATH = YES;
				SDKROOT = iphoneos;
				SWIFT_COMPILATION_MODE = wholemodule;
				SWIFT_OPTIMIZATION_LEVEL = "-O";
				VALIDATE_PRODUCT = YES;
			};
			name = Release;
		};
		02782E3B27745FF7002076BD /* Debug */ = {
			isa = XCBuildConfiguration;
			buildSettings = {
				ASSETCATALOG_COMPILER_APPICON_NAME = AppIcon;
				ASSETCATALOG_COMPILER_GLOBAL_ACCENT_COLOR_NAME = AccentColor;
				CODE_SIGN_STYLE = Automatic;
				CURRENT_PROJECT_VERSION = 1;
				DEVELOPMENT_ASSET_PATHS = "Preview\\ Content";
				DEVELOPMENT_TEAM = 3PHP3XA64F;
				GENERATE_INFOPLIST_FILE = YES;
				INFOPLIST_FILE = VacasaPractice/Info.plist;
				INFOPLIST_KEY_UIApplicationSupportsIndirectInputEvents = YES;
				INFOPLIST_KEY_UILaunchStoryboardName = LaunchScreen;
				INFOPLIST_KEY_UIMainStoryboardFile = Main;
				INFOPLIST_KEY_UISupportedInterfaceOrientations_iPad = "UIInterfaceOrientationPortrait UIInterfaceOrientationPortraitUpsideDown UIInterfaceOrientationLandscapeLeft UIInterfaceOrientationLandscapeRight";
				INFOPLIST_KEY_UISupportedInterfaceOrientations_iPhone = "UIInterfaceOrientationPortrait UIInterfaceOrientationLandscapeLeft UIInterfaceOrientationLandscapeRight";
				IPHONEOS_DEPLOYMENT_TARGET = 15.0;
				LD_RUNPATH_SEARCH_PATHS = (
					"$(inherited)",
					"@executable_path/Frameworks",
				);
				MARKETING_VERSION = 1.0;
				PRODUCT_BUNDLE_IDENTIFIER = devwithlove.VacasaPractice;
				PRODUCT_NAME = "$(TARGET_NAME)";
				RUN_DOCUMENTATION_COMPILER = YES;
				SWIFT_EMIT_LOC_STRINGS = YES;
				SWIFT_VERSION = 5.0;
				TARGETED_DEVICE_FAMILY = "1,2";
			};
			name = Debug;
		};
		02782E3C27745FF7002076BD /* Release */ = {
			isa = XCBuildConfiguration;
			buildSettings = {
				ASSETCATALOG_COMPILER_APPICON_NAME = AppIcon;
				ASSETCATALOG_COMPILER_GLOBAL_ACCENT_COLOR_NAME = AccentColor;
				CODE_SIGN_STYLE = Automatic;
				CURRENT_PROJECT_VERSION = 1;
				DEVELOPMENT_ASSET_PATHS = "Preview\\ Content";
				DEVELOPMENT_TEAM = 3PHP3XA64F;
				GENERATE_INFOPLIST_FILE = YES;
				INFOPLIST_FILE = VacasaPractice/Info.plist;
				INFOPLIST_KEY_UIApplicationSupportsIndirectInputEvents = YES;
				INFOPLIST_KEY_UILaunchStoryboardName = LaunchScreen;
				INFOPLIST_KEY_UIMainStoryboardFile = Main;
				INFOPLIST_KEY_UISupportedInterfaceOrientations_iPad = "UIInterfaceOrientationPortrait UIInterfaceOrientationPortraitUpsideDown UIInterfaceOrientationLandscapeLeft UIInterfaceOrientationLandscapeRight";
				INFOPLIST_KEY_UISupportedInterfaceOrientations_iPhone = "UIInterfaceOrientationPortrait UIInterfaceOrientationLandscapeLeft UIInterfaceOrientationLandscapeRight";
				IPHONEOS_DEPLOYMENT_TARGET = 15.0;
				LD_RUNPATH_SEARCH_PATHS = (
					"$(inherited)",
					"@executable_path/Frameworks",
				);
				MARKETING_VERSION = 1.0;
				PRODUCT_BUNDLE_IDENTIFIER = devwithlove.VacasaPractice;
				PRODUCT_NAME = "$(TARGET_NAME)";
				RUN_DOCUMENTATION_COMPILER = YES;
				SWIFT_EMIT_LOC_STRINGS = YES;
				SWIFT_VERSION = 5.0;
				TARGETED_DEVICE_FAMILY = "1,2";
			};
			name = Release;
		};
		02782E3E27745FF7002076BD /* Debug */ = {
			isa = XCBuildConfiguration;
			buildSettings = {
				ALWAYS_EMBED_SWIFT_STANDARD_LIBRARIES = YES;
				BUNDLE_LOADER = "$(TEST_HOST)";
				CODE_SIGN_STYLE = Automatic;
				CURRENT_PROJECT_VERSION = 1;
				DEVELOPMENT_TEAM = 3PHP3XA64F;
				GENERATE_INFOPLIST_FILE = YES;
				IPHONEOS_DEPLOYMENT_TARGET = 15.2;
				MARKETING_VERSION = 1.0;
				PRODUCT_BUNDLE_IDENTIFIER = devwithlove.VacasaPracticeTests;
				PRODUCT_NAME = "$(TARGET_NAME)";
				SWIFT_EMIT_LOC_STRINGS = NO;
				SWIFT_VERSION = 5.0;
				TARGETED_DEVICE_FAMILY = "1,2";
				TEST_HOST = "$(BUILT_PRODUCTS_DIR)/VacasaPractice.app/VacasaPractice";
			};
			name = Debug;
		};
		02782E3F27745FF7002076BD /* Release */ = {
			isa = XCBuildConfiguration;
			buildSettings = {
				ALWAYS_EMBED_SWIFT_STANDARD_LIBRARIES = YES;
				BUNDLE_LOADER = "$(TEST_HOST)";
				CODE_SIGN_STYLE = Automatic;
				CURRENT_PROJECT_VERSION = 1;
				DEVELOPMENT_TEAM = 3PHP3XA64F;
				GENERATE_INFOPLIST_FILE = YES;
				IPHONEOS_DEPLOYMENT_TARGET = 15.2;
				MARKETING_VERSION = 1.0;
				PRODUCT_BUNDLE_IDENTIFIER = devwithlove.VacasaPracticeTests;
				PRODUCT_NAME = "$(TARGET_NAME)";
				SWIFT_EMIT_LOC_STRINGS = NO;
				SWIFT_VERSION = 5.0;
				TARGETED_DEVICE_FAMILY = "1,2";
				TEST_HOST = "$(BUILT_PRODUCTS_DIR)/VacasaPractice.app/VacasaPractice";
			};
			name = Release;
		};
		02782E4127745FF7002076BD /* Debug */ = {
			isa = XCBuildConfiguration;
			buildSettings = {
				ALWAYS_EMBED_SWIFT_STANDARD_LIBRARIES = YES;
				CODE_SIGN_STYLE = Automatic;
				CURRENT_PROJECT_VERSION = 1;
				DEVELOPMENT_TEAM = 3PHP3XA64F;
				GENERATE_INFOPLIST_FILE = YES;
				MARKETING_VERSION = 1.0;
				PRODUCT_BUNDLE_IDENTIFIER = devwithlove.VacasaPracticeUITests;
				PRODUCT_NAME = "$(TARGET_NAME)";
				SWIFT_EMIT_LOC_STRINGS = NO;
				SWIFT_VERSION = 5.0;
				TARGETED_DEVICE_FAMILY = "1,2";
				TEST_TARGET_NAME = VacasaPractice;
			};
			name = Debug;
		};
		02782E4227745FF7002076BD /* Release */ = {
			isa = XCBuildConfiguration;
			buildSettings = {
				ALWAYS_EMBED_SWIFT_STANDARD_LIBRARIES = YES;
				CODE_SIGN_STYLE = Automatic;
				CURRENT_PROJECT_VERSION = 1;
				DEVELOPMENT_TEAM = 3PHP3XA64F;
				GENERATE_INFOPLIST_FILE = YES;
				MARKETING_VERSION = 1.0;
				PRODUCT_BUNDLE_IDENTIFIER = devwithlove.VacasaPracticeUITests;
				PRODUCT_NAME = "$(TARGET_NAME)";
				SWIFT_EMIT_LOC_STRINGS = NO;
				SWIFT_VERSION = 5.0;
				TARGETED_DEVICE_FAMILY = "1,2";
				TEST_TARGET_NAME = VacasaPractice;
			};
			name = Release;
		};
/* End XCBuildConfiguration section */

/* Begin XCConfigurationList section */
		02782E0B27745FF4002076BD /* Build configuration list for PBXProject "VacasaPractice" */ = {
			isa = XCConfigurationList;
			buildConfigurations = (
				02782E3827745FF7002076BD /* Debug */,
				02782E3927745FF7002076BD /* Release */,
			);
			defaultConfigurationIsVisible = 0;
			defaultConfigurationName = Release;
		};
		02782E3A27745FF7002076BD /* Build configuration list for PBXNativeTarget "VacasaPractice" */ = {
			isa = XCConfigurationList;
			buildConfigurations = (
				02782E3B27745FF7002076BD /* Debug */,
				02782E3C27745FF7002076BD /* Release */,
			);
			defaultConfigurationIsVisible = 0;
			defaultConfigurationName = Release;
		};
		02782E3D27745FF7002076BD /* Build configuration list for PBXNativeTarget "VacasaPracticeTests" */ = {
			isa = XCConfigurationList;
			buildConfigurations = (
				02782E3E27745FF7002076BD /* Debug */,
				02782E3F27745FF7002076BD /* Release */,
			);
			defaultConfigurationIsVisible = 0;
			defaultConfigurationName = Release;
		};
		02782E4027745FF7002076BD /* Build configuration list for PBXNativeTarget "VacasaPracticeUITests" */ = {
			isa = XCConfigurationList;
			buildConfigurations = (
				02782E4127745FF7002076BD /* Debug */,
				02782E4227745FF7002076BD /* Release */,
			);
			defaultConfigurationIsVisible = 0;
			defaultConfigurationName = Release;
		};
/* End XCConfigurationList section */

/* Begin XCRemoteSwiftPackageReference section */
		02782E5E2775155B002076BD /* XCRemoteSwiftPackageReference "SnapKit" */ = {
			isa = XCRemoteSwiftPackageReference;
			repositoryURL = "https://github.com/SnapKit/SnapKit.git";
			requirement = {
				kind = upToNextMajorVersion;
				minimumVersion = 5.0.0;
			};
		};
/* End XCRemoteSwiftPackageReference section */

/* Begin XCSwiftPackageProductDependency section */
		02782E5F2775155B002076BD /* SnapKit */ = {
			isa = XCSwiftPackageProductDependency;
			package = 02782E5E2775155B002076BD /* XCRemoteSwiftPackageReference "SnapKit" */;
			productName = SnapKit;
		};
/* End XCSwiftPackageProductDependency section */
	};
	rootObject = 02782E0827745FF4002076BD /* Project object */;
}
