// !$*UTF8*$!
{
	archiveVersion = 1;
	classes = {
	};
	objectVersion = 55;
	objects = {

/* Begin PBXBuildFile section */
		02782E1427745FF5002076BD /* AppDelegate.swift in Sources */ = {isa = PBXBuildFile; fileRef = 02782E1327745FF5002076BD /* AppDelegate.swift */; };
		02782E1627745FF5002076BD /* SceneDelegate.swift in Sources */ = {isa = PBXBuildFile; fileRef = 02782E1527745FF5002076BD /* SceneDelegate.swift */; };
		02782E1827745FF5002076BD /* RepositoriesViewController.swift in Sources */ = {isa = PBXBuildFile; fileRef = 02782E1727745FF5002076BD /* RepositoriesViewController.swift */; };
		02782E1B27745FF5002076BD /* Main.storyboard in Resources */ = {isa = PBXBuildFile; fileRef = 02782E1927745FF5002076BD /* Main.storyboard */; };
		02782E1D27745FF6002076BD /* Assets.xcassets in Resources */ = {isa = PBXBuildFile; fileRef = 02782E1C27745FF6002076BD /* Assets.xcassets */; };
		02782E2027745FF6002076BD /* LaunchScreen.storyboard in Resources */ = {isa = PBXBuildFile; fileRef = 02782E1E27745FF6002076BD /* LaunchScreen.storyboard */; };
		02782E2B27745FF7002076BD /* RepositoriesListViewModelTests.swift in Sources */ = {isa = PBXBuildFile; fileRef = 02782E2A27745FF7002076BD /* RepositoriesListViewModelTests.swift */; };
		02782E3527745FF7002076BD /* VacasaPracticeUITests.swift in Sources */ = {isa = PBXBuildFile; fileRef = 02782E3427745FF7002076BD /* VacasaPracticeUITests.swift */; };
		02782E3727745FF7002076BD /* VacasaPracticeUITestsLaunchTests.swift in Sources */ = {isa = PBXBuildFile; fileRef = 02782E3627745FF7002076BD /* VacasaPracticeUITestsLaunchTests.swift */; };
		02782E4A277463D5002076BD /* RepositoriesListViewModel.swift in Sources */ = {isa = PBXBuildFile; fileRef = 02782E49277463D5002076BD /* RepositoriesListViewModel.swift */; };
		02782E4C27746447002076BD /* Repository.swift in Sources */ = {isa = PBXBuildFile; fileRef = 02782E4B27746447002076BD /* Repository.swift */; };
		02782E4F277464A6002076BD /* RepositoryService.swift in Sources */ = {isa = PBXBuildFile; fileRef = 02782E4E277464A6002076BD /* RepositoryService.swift */; };
		02782E51277464EB002076BD /* ListError.swift in Sources */ = {isa = PBXBuildFile; fileRef = 02782E50277464EB002076BD /* ListError.swift */; };
		02782E532774662F002076BD /* RepositoryDto.swift in Sources */ = {isa = PBXBuildFile; fileRef = 02782E522774662F002076BD /* RepositoryDto.swift */; };
		02782E5527746741002076BD /* GitHubApi.swift in Sources */ = {isa = PBXBuildFile; fileRef = 02782E5427746741002076BD /* GitHubApi.swift */; };
		02782E5727746A73002076BD /* HttpMethod.swift in Sources */ = {isa = PBXBuildFile; fileRef = 02782E5627746A73002076BD /* HttpMethod.swift */; };
		02782E5927746AB4002076BD /* ApiError.swift.swift in Sources */ = {isa = PBXBuildFile; fileRef = 02782E5827746AB4002076BD /* ApiError.swift.swift */; };
		02782E5B27747428002076BD /* RepositorySearchResultDto.swift in Sources */ = {isa = PBXBuildFile; fileRef = 02782E5A27747428002076BD /* RepositorySearchResultDto.swift */; };
		02782E602775155B002076BD /* SnapKit in Frameworks */ = {isa = PBXBuildFile; productRef = 02782E5F2775155B002076BD /* SnapKit */; };
		02782E622775176F002076BD /* RepositoryTableViewCell.swift in Sources */ = {isa = PBXBuildFile; fileRef = 02782E612775176F002076BD /* RepositoryTableViewCell.swift */; };
		02782E6427751822002076BD /* TableViewCellExtensions.swift in Sources */ = {isa = PBXBuildFile; fileRef = 02782E6327751822002076BD /* TableViewCellExtensions.swift */; };
		02782E6627751915002076BD /* UIViewControllerExtension.swift.swift in Sources */ = {isa = PBXBuildFile; fileRef = 02782E6527751915002076BD /* UIViewControllerExtension.swift.swift */; };
		02782E6C277529C3002076BD /* SettingsViewController.swift in Sources */ = {isa = PBXBuildFile; fileRef = 02782E6B277529C3002076BD /* SettingsViewController.swift */; };
		02782E6E27754CC4002076BD /* SettingsViewModel.swift in Sources */ = {isa = PBXBuildFile; fileRef = 02782E6D27754CC4002076BD /* SettingsViewModel.swift */; };
		02782E7027754D54002076BD /* SettingsSection.swift in Sources */ = {isa = PBXBuildFile; fileRef = 02782E6F27754D54002076BD /* SettingsSection.swift */; };
		02782E7427756285002076BD /* SettingRepository.swift in Sources */ = {isa = PBXBuildFile; fileRef = 02782E7327756284002076BD /* SettingRepository.swift */; };
		02782E7627756816002076BD /* UserInfoView.swift in Sources */ = {isa = PBXBuildFile; fileRef = 02782E7527756816002076BD /* UserInfoView.swift */; };
		02782E7827757104002076BD /* UserInfo.swift in Sources */ = {isa = PBXBuildFile; fileRef = 02782E7727757104002076BD /* UserInfo.swift */; };
		02782E7A2775729E002076BD /* SettingTableViewCell.swift in Sources */ = {isa = PBXBuildFile; fileRef = 02782E792775729E002076BD /* SettingTableViewCell.swift */; };
		02782E7C27758068002076BD /* Configurable.swift in Sources */ = {isa = PBXBuildFile; fileRef = 02782E7B27758068002076BD /* Configurable.swift */; };
/* End PBXBuildFile section */

/* Begin PBXContainerItemProxy section */
		02782E2727745FF7002076BD /* PBXContainerItemProxy */ = {
			isa = PBXContainerItemProxy;
			containerPortal = 02782E0827745FF4002076BD /* Project object */;
			proxyType = 1;
			remoteGlobalIDString = 02782E0F27745FF4002076BD;
			remoteInfo = VacasaPractice;
		};
		02782E3127745FF7002076BD /* PBXContainerItemProxy */ = {
			isa = PBXContainerItemProxy;
			containerPortal = 02782E0827745FF4002076BD /* Project object */;
			proxyType = 1;
			remoteGlobalIDString = 02782E0F27745FF4002076BD;
			remoteInfo = VacasaPractice;
		};
/* End PBXContainerItemProxy section */

/* Begin PBXFileReference section */
		02782E1027745FF4002076BD /* VacasaPractice.app */ = {isa = PBXFileReference; explicitFileType = wrapper.application; includeInIndex = 0; path = VacasaPractice.app; sourceTree = BUILT_PRODUCTS_DIR; };
		02782E1327745FF5002076BD /* AppDelegate.swift */ = {isa = PBXFileReference; lastKnownFileType = sourcecode.swift; path = AppDelegate.swift; sourceTree = "<group>"; };
		02782E1527745FF5002076BD /* SceneDelegate.swift */ = {isa = PBXFileReference; lastKnownFileType = sourcecode.swift; path = SceneDelegate.swift; sourceTree = "<group>"; };
		02782E1727745FF5002076BD /* RepositoriesViewController.swift */ = {isa = PBXFileReference; lastKnownFileType = sourcecode.swift; path = RepositoriesViewController.swift; sourceTree = "<group>"; };
		02782E1A27745FF5002076BD /* Base */ = {isa = PBXFileReference; lastKnownFileType = file.storyboard; name = Base; path = Base.lproj/Main.storyboard; sourceTree = "<group>"; };
		02782E1C27745FF6002076BD /* Assets.xcassets */ = {isa = PBXFileReference; lastKnownFileType = folder.assetcatalog; path = Assets.xcassets; sourceTree = "<group>"; };
		02782E1F27745FF6002076BD /* Base */ = {isa = PBXFileReference; lastKnownFileType = file.storyboard; name = Base; path = Base.lproj/LaunchScreen.storyboard; sourceTree = "<group>"; };
		02782E2127745FF6002076BD /* Info.plist */ = {isa = PBXFileReference; lastKnownFileType = text.plist.xml; path = Info.plist; sourceTree = "<group>"; };
		02782E2627745FF7002076BD /* VacasaPracticeTests.xctest */ = {isa = PBXFileReference; explicitFileType = wrapper.cfbundle; includeInIndex = 0; path = VacasaPracticeTests.xctest; sourceTree = BUILT_PRODUCTS_DIR; };
		02782E2A27745FF7002076BD /* RepositoriesListViewModelTests.swift */ = {isa = PBXFileReference; lastKnownFileType = sourcecode.swift; path = RepositoriesListViewModelTests.swift; sourceTree = "<group>"; };
		02782E3027745FF7002076BD /* VacasaPracticeUITests.xctest */ = {isa = PBXFileReference; explicitFileType = wrapper.cfbundle; includeInIndex = 0; path = VacasaPracticeUITests.xctest; sourceTree = BUILT_PRODUCTS_DIR; };
		02782E3427745FF7002076BD /* VacasaPracticeUITests.swift */ = {isa = PBXFileReference; lastKnownFileType = sourcecode.swift; path = VacasaPracticeUITests.swift; sourceTree = "<group>"; };
		02782E3627745FF7002076BD /* VacasaPracticeUITestsLaunchTests.swift */ = {isa = PBXFileReference; lastKnownFileType = sourcecode.swift; path = VacasaPracticeUITestsLaunchTests.swift; sourceTree = "<group>"; };
		02782E49277463D5002076BD /* RepositoriesListViewModel.swift */ = {isa = PBXFileReference; lastKnownFileType = sourcecode.swift; path = RepositoriesListViewModel.swift; sourceTree = "<group>"; };
		02782E4B27746447002076BD /* Repository.swift */ = {isa = PBXFileReference; lastKnownFileType = sourcecode.swift; path = Repository.swift; sourceTree = "<group>"; };
		02782E4E277464A6002076BD /* RepositoryService.swift */ = {isa = PBXFileReference; lastKnownFileType = sourcecode.swift; path = RepositoryService.swift; sourceTree = "<group>"; };
		02782E50277464EB002076BD /* ListError.swift */ = {isa = PBXFileReference; lastKnownFileType = sourcecode.swift; path = ListError.swift; sourceTree = "<group>"; };
		02782E522774662F002076BD /* RepositoryDto.swift */ = {isa = PBXFileReference; lastKnownFileType = sourcecode.swift; path = RepositoryDto.swift; sourceTree = "<group>"; };
		02782E5427746741002076BD /* GitHubApi.swift */ = {isa = PBXFileReference; lastKnownFileType = sourcecode.swift; path = GitHubApi.swift; sourceTree = "<group>"; };
		02782E5627746A73002076BD /* HttpMethod.swift */ = {isa = PBXFileReference; lastKnownFileType = sourcecode.swift; path = HttpMethod.swift; sourceTree = "<group>"; };
		02782E5827746AB4002076BD /* ApiError.swift.swift */ = {isa = PBXFileReference; lastKnownFileType = sourcecode.swift; path = ApiError.swift.swift; sourceTree = "<group>"; };
		02782E5A27747428002076BD /* RepositorySearchResultDto.swift */ = {isa = PBXFileReference; lastKnownFileType = sourcecode.swift; path = RepositorySearchResultDto.swift; sourceTree = "<group>"; };
		02782E612775176F002076BD /* RepositoryTableViewCell.swift */ = {isa = PBXFileReference; lastKnownFileType = sourcecode.swift; path = RepositoryTableViewCell.swift; sourceTree = "<group>"; };
		02782E6327751822002076BD /* TableViewCellExtensions.swift */ = {isa = PBXFileReference; lastKnownFileType = sourcecode.swift; path = TableViewCellExtensions.swift; sourceTree = "<group>"; };
		02782E6527751915002076BD /* UIViewControllerExtension.swift.swift */ = {isa = PBXFileReference; lastKnownFileType = sourcecode.swift; path = UIViewControllerExtension.swift.swift; sourceTree = "<group>"; };
		02782E6B277529C3002076BD /* SettingsViewController.swift */ = {isa = PBXFileReference; lastKnownFileType = sourcecode.swift; path = SettingsViewController.swift; sourceTree = "<group>"; };
		02782E6D27754CC4002076BD /* SettingsViewModel.swift */ = {isa = PBXFileReference; lastKnownFileType = sourcecode.swift; path = SettingsViewModel.swift; sourceTree = "<group>"; };
		02782E6F27754D54002076BD /* SettingsSection.swift */ = {isa = PBXFileReference; lastKnownFileType = sourcecode.swift; path = SettingsSection.swift; sourceTree = "<group>"; };
		02782E7327756284002076BD /* SettingRepository.swift */ = {isa = PBXFileReference; lastKnownFileType = sourcecode.swift; path = SettingRepository.swift; sourceTree = "<group>"; };
		02782E7527756816002076BD /* UserInfoView.swift */ = {isa = PBXFileReference; lastKnownFileType = sourcecode.swift; path = UserInfoView.swift; sourceTree = "<group>"; };
		02782E7727757104002076BD /* UserInfo.swift */ = {isa = PBXFileReference; lastKnownFileType = sourcecode.swift; path = UserInfo.swift; sourceTree = "<group>"; };
		02782E792775729E002076BD /* SettingTableViewCell.swift */ = {isa = PBXFileReference; lastKnownFileType = sourcecode.swift; path = SettingTableViewCell.swift; sourceTree = "<group>"; };
		02782E7B27758068002076BD /* Configurable.swift */ = {isa = PBXFileReference; lastKnownFileType = sourcecode.swift; path = Configurable.swift; sourceTree = "<group>"; };
/* End PBXFileReference section */

/* Begin PBXFrameworksBuildPhase section */
		02782E0D27745FF4002076BD /* Frameworks */ = {
			isa = PBXFrameworksBuildPhase;
			buildActionMask = 2147483647;
			files = (
				02782E602775155B002076BD /* SnapKit in Frameworks */,
			);
			runOnlyForDeploymentPostprocessing = 0;
		};
		02782E2327745FF7002076BD /* Frameworks */ = {
			isa = PBXFrameworksBuildPhase;
			buildActionMask = 2147483647;
			files = (
			);
			runOnlyForDeploymentPostprocessing = 0;
		};
		02782E2D27745FF7002076BD /* Frameworks */ = {
			isa = PBXFrameworksBuildPhase;
			buildActionMask = 2147483647;
			files = (
			);
			runOnlyForDeploymentPostprocessing = 0;
		};
/* End PBXFrameworksBuildPhase section */

/* Begin PBXGroup section */
		02782E0727745FF4002076BD = {
			isa = PBXGroup;
			children = (
				02782E1227745FF4002076BD /* VacasaPractice */,
				02782E2927745FF7002076BD /* VacasaPracticeTests */,
				02782E3327745FF7002076BD /* VacasaPracticeUITests */,
				02782E1127745FF4002076BD /* Products */,
			);
			sourceTree = "<group>";
		};
		02782E1127745FF4002076BD /* Products */ = {
			isa = PBXGroup;
			children = (
				02782E1027745FF4002076BD /* VacasaPractice.app */,
				02782E2627745FF7002076BD /* VacasaPracticeTests.xctest */,
				02782E3027745FF7002076BD /* VacasaPracticeUITests.xctest */,
			);
			name = Products;
			sourceTree = "<group>";
		};
		02782E1227745FF4002076BD /* VacasaPractice */ = {
			isa = PBXGroup;
			children = (
				02782E4327746320002076BD /* Core */,
				02782E4427746329002076BD /* Features */,
				02782E1327745FF5002076BD /* AppDelegate.swift */,
				02782E1527745FF5002076BD /* SceneDelegate.swift */,
				02782E1927745FF5002076BD /* Main.storyboard */,
				02782E1C27745FF6002076BD /* Assets.xcassets */,
				02782E1E27745FF6002076BD /* LaunchScreen.storyboard */,
				02782E2127745FF6002076BD /* Info.plist */,
			);
			path = VacasaPractice;
			sourceTree = "<group>";
		};
		02782E2927745FF7002076BD /* VacasaPracticeTests */ = {
			isa = PBXGroup;
			children = (
				02782E2A27745FF7002076BD /* RepositoriesListViewModelTests.swift */,
			);
			path = VacasaPracticeTests;
			sourceTree = "<group>";
		};
		02782E3327745FF7002076BD /* VacasaPracticeUITests */ = {
			isa = PBXGroup;
			children = (
				02782E3427745FF7002076BD /* VacasaPracticeUITests.swift */,
				02782E3627745FF7002076BD /* VacasaPracticeUITestsLaunchTests.swift */,
			);
			path = VacasaPracticeUITests;
			sourceTree = "<group>";
		};
		02782E4327746320002076BD /* Core */ = {
			isa = PBXGroup;
			children = (
				02782E4627746343002076BD /* Utils */,
				02782E452774633B002076BD /* Networking */,
			);
			path = Core;
			sourceTree = "<group>";
		};
		02782E4427746329002076BD /* Features */ = {
			isa = PBXGroup;
			children = (
				02782E4727746354002076BD /* RepositoriesList */,
				02782E692775298F002076BD /* Settings */,
			);
			path = Features;
			sourceTree = "<group>";
		};
		02782E452774633B002076BD /* Networking */ = {
			isa = PBXGroup;
			children = (
				02782E4D2774648D002076BD /* Dtos */,
				02782E4E277464A6002076BD /* RepositoryService.swift */,
				02782E5427746741002076BD /* GitHubApi.swift */,
				02782E5627746A73002076BD /* HttpMethod.swift */,
				02782E5827746AB4002076BD /* ApiError.swift.swift */,
			);
			path = Networking;
			sourceTree = "<group>";
		};
		02782E4627746343002076BD /* Utils */ = {
			isa = PBXGroup;
			children = (
				02782E6327751822002076BD /* TableViewCellExtensions.swift */,
				02782E6527751915002076BD /* UIViewControllerExtension.swift.swift */,
				02782E7B27758068002076BD /* Configurable.swift */,
			);
			path = Utils;
			sourceTree = "<group>";
		};
		02782E4727746354002076BD /* RepositoriesList */ = {
			isa = PBXGroup;
			children = (
				02782E4827746372002076BD /* Views */,
				02782E49277463D5002076BD /* RepositoriesListViewModel.swift */,
				02782E1727745FF5002076BD /* RepositoriesViewController.swift */,
				02782E4B27746447002076BD /* Repository.swift */,
				02782E50277464EB002076BD /* ListError.swift */,
			);
			path = RepositoriesList;
			sourceTree = "<group>";
		};
		02782E4827746372002076BD /* Views */ = {
			isa = PBXGroup;
			children = (
				02782E612775176F002076BD /* RepositoryTableViewCell.swift */,
			);
			path = Views;
			sourceTree = "<group>";
		};
		02782E4D2774648D002076BD /* Dtos */ = {
			isa = PBXGroup;
			children = (
				02782E522774662F002076BD /* RepositoryDto.swift */,
				02782E5A27747428002076BD /* RepositorySearchResultDto.swift */,
			);
			path = Dtos;
			sourceTree = "<group>";
		};
		02782E692775298F002076BD /* Settings */ = {
			isa = PBXGroup;
			children = (
				02782E6A277529A5002076BD /* Views */,
				02782E6B277529C3002076BD /* SettingsViewController.swift */,
				02782E6D27754CC4002076BD /* SettingsViewModel.swift */,
				02782E6F27754D54002076BD /* SettingsSection.swift */,
				02782E7327756284002076BD /* SettingRepository.swift */,
				02782E7727757104002076BD /* UserInfo.swift */,
			);
			path = Settings;
			sourceTree = "<group>";
		};
		02782E6A277529A5002076BD /* Views */ = {
			isa = PBXGroup;
			children = (
				02782E7527756816002076BD /* UserInfoView.swift */,
				02782E792775729E002076BD /* SettingTableViewCell.swift */,
			);
			path = Views;
			sourceTree = "<group>";
		};
/* End PBXGroup section */

/* Begin PBXNativeTarget section */
		02782E0F27745FF4002076BD /* VacasaPractice */ = {
			isa = PBXNativeTarget;
			buildConfigurationList = 02782E3A27745FF7002076BD /* Build configuration list for PBXNativeTarget "VacasaPractice" */;
			buildPhases = (
				02782E0C27745FF4002076BD /* Sources */,
				02782E0D27745FF4002076BD /* Frameworks */,
				02782E0E27745FF4002076BD /* Resources */,
			);
			buildRules = (
			);
			dependencies = (
			);
			name = VacasaPractice;
			packageProductDependencies = (
				02782E5F2775155B002076BD /* SnapKit */,
			);
			productName = VacasaPractice;
			productReference = 02782E1027745FF4002076BD /* VacasaPractice.app */;
			productType = "com.apple.product-type.application";
		};
		02782E2527745FF7002076BD /* VacasaPracticeTests */ = {
			isa = PBXNativeTarget;
			buildConfigurationList = 02782E3D27745FF7002076BD /* Build configuration list for PBXNativeTarget "VacasaPracticeTests" */;
			buildPhases = (
				02782E2227745FF7002076BD /* Sources */,
				02782E2327745FF7002076BD /* Frameworks */,
				02782E2427745FF7002076BD /* Resources */,
			);
			buildRules = (
			);
			dependencies = (
				02782E2827745FF7002076BD /* PBXTargetDependency */,
			);
			name = VacasaPracticeTests;
			productName = VacasaPracticeTests;
			productReference = 02782E2627745FF7002076BD /* VacasaPracticeTests.xctest */;
			productType = "com.apple.product-type.bundle.unit-test";
		};
		02782E2F27745FF7002076BD /* VacasaPracticeUITests */ = {
			isa = PBXNativeTarget;
			buildConfigurationList = 02782E4027745FF7002076BD /* Build configuration list for PBXNativeTarget "VacasaPracticeUITests" */;
			buildPhases = (
				02782E2C27745FF7002076BD /* Sources */,
				02782E2D27745FF7002076BD /* Frameworks */,
				02782E2E27745FF7002076BD /* Resources */,
			);
			buildRules = (
			);
			dependencies = (
				02782E3227745FF7002076BD /* PBXTargetDependency */,
			);
			name = VacasaPracticeUITests;
			productName = VacasaPracticeUITests;
			productReference = 02782E3027745FF7002076BD /* VacasaPracticeUITests.xctest */;
			productType = "com.apple.product-type.bundle.ui-testing";
		};
/* End PBXNativeTarget section */

/* Begin PBXProject section */
		02782E0827745FF4002076BD /* Project object */ = {
			isa = PBXProject;
			attributes = {
				BuildIndependentTargetsInParallel = 1;
				LastSwiftUpdateCheck = 1320;
				LastUpgradeCheck = 1320;
				TargetAttributes = {
					02782E0F27745FF4002076BD = {
						CreatedOnToolsVersion = 13.2.1;
					};
					02782E2527745FF7002076BD = {
						CreatedOnToolsVersion = 13.2.1;
						TestTargetID = 02782E0F27745FF4002076BD;
					};
					02782E2F27745FF7002076BD = {
						CreatedOnToolsVersion = 13.2.1;
						TestTargetID = 02782E0F27745FF4002076BD;
					};
				};
			};
			buildConfigurationList = 02782E0B27745FF4002076BD /* Build configuration list for PBXProject "VacasaPractice" */;
			compatibilityVersion = "Xcode 13.0";
			developmentRegion = en;
			hasScannedForEncodings = 0;
			knownRegions = (
				en,
				Base,
			);
			mainGroup = 02782E0727745FF4002076BD;
			packageReferences = (
				02782E5E2775155B002076BD /* XCRemoteSwiftPackageReference "SnapKit" */,
			);
			productRefGroup = 02782E1127745FF4002076BD /* Products */;
			projectDirPath = "";
			projectRoot = "";
			targets = (
				02782E0F27745FF4002076BD /* VacasaPractice */,
				02782E2527745FF7002076BD /* VacasaPracticeTests */,
				02782E2F27745FF7002076BD /* VacasaPracticeUITests */,
			);
		};
/* End PBXProject section */

/* Begin PBXResourcesBuildPhase section */
		02782E0E27745FF4002076BD /* Resources */ = {
			isa = PBXResourcesBuildPhase;
			buildActionMask = 2147483647;
			files = (
				02782E2027745FF6002076BD /* LaunchScreen.storyboard in Resources */,
				02782E1D27745FF6002076BD /* Assets.xcassets in Resources */,
				02782E1B27745FF5002076BD /* Main.storyboard in Resources */,
			);
			runOnlyForDeploymentPostprocessing = 0;
		};
		02782E2427745FF7002076BD /* Resources */ = {
			isa = PBXResourcesBuildPhase;
			buildActionMask = 2147483647;
			files = (
			);
			runOnlyForDeploymentPostprocessing = 0;
		};
		02782E2E27745FF7002076BD /* Resources */ = {
			isa = PBXResourcesBuildPhase;
			buildActionMask = 2147483647;
			files = (
			);
			runOnlyForDeploymentPostprocessing = 0;
		};
/* End PBXResourcesBuildPhase section */

/* Begin PBXSourcesBuildPhase section */
		02782E0C27745FF4002076BD /* Sources */ = {
			isa = PBXSourcesBuildPhase;
			buildActionMask = 2147483647;
			files = (
				02782E7A2775729E002076BD /* SettingTableViewCell.swift in Sources */,
				02782E5727746A73002076BD /* HttpMethod.swift in Sources */,
				02782E1827745FF5002076BD /* RepositoriesViewController.swift in Sources */,
				02782E51277464EB002076BD /* ListError.swift in Sources */,
				02782E1427745FF5002076BD /* AppDelegate.swift in Sources */,
				02782E6627751915002076BD /* UIViewControllerExtension.swift.swift in Sources */,
				02782E5B27747428002076BD /* RepositorySearchResultDto.swift in Sources */,
				02782E7027754D54002076BD /* SettingsSection.swift in Sources */,
				02782E622775176F002076BD /* RepositoryTableViewCell.swift in Sources */,
				02782E5527746741002076BD /* GitHubApi.swift in Sources */,
				02782E6E27754CC4002076BD /* SettingsViewModel.swift in Sources */,
				02782E7427756285002076BD /* SettingRepository.swift in Sources */,
				02782E4F277464A6002076BD /* RepositoryService.swift in Sources */,
				02782E4C27746447002076BD /* Repository.swift in Sources */,
				02782E4A277463D5002076BD /* RepositoriesListViewModel.swift in Sources */,
				02782E6C277529C3002076BD /* SettingsViewController.swift in Sources */,
				02782E532774662F002076BD /* RepositoryDto.swift in Sources */,
				02782E6427751822002076BD /* TableViewCellExtensions.swift in Sources */,
				02782E5927746AB4002076BD /* ApiError.swift.swift in Sources */,
				02782E1627745FF5002076BD /* SceneDelegate.swift in Sources */,
				02782E7827757104002076BD /* UserInfo.swift in Sources */,
				02782E7C27758068002076BD /* Configurable.swift in Sources */,
				02782E7627756816002076BD /* UserInfoView.swift in Sources */,
			);
			runOnlyForDeploymentPostprocessing = 0;
		};
		02782E2227745FF7002076BD /* Sources */ = {
			isa = PBXSourcesBuildPhase;
			buildActionMask = 2147483647;
			files = (
				02782E2B27745FF7002076BD /* RepositoriesListViewModelTests.swift in Sources */,
			);
			runOnlyForDeploymentPostprocessing = 0;
		};
		02782E2C27745FF7002076BD /* Sources */ = {
			isa = PBXSourcesBuildPhase;
			buildActionMask = 2147483647;
			files = (
				02782E3727745FF7002076BD /* VacasaPracticeUITestsLaunchTests.swift in Sources */,
				02782E3527745FF7002076BD /* VacasaPracticeUITests.swift in Sources */,
			);
			runOnlyForDeploymentPostprocessing = 0;
		};
/* End PBXSourcesBuildPhase section */

/* Begin PBXTargetDependency section */
		02782E2827745FF7002076BD /* PBXTargetDependency */ = {
			isa = PBXTargetDependency;
			target = 02782E0F27745FF4002076BD /* VacasaPractice */;
			targetProxy = 02782E2727745FF7002076BD /* PBXContainerItemProxy */;
		};
		02782E3227745FF7002076BD /* PBXTargetDependency */ = {
			isa = PBXTargetDependency;
			target = 02782E0F27745FF4002076BD /* VacasaPractice */;
			targetProxy = 02782E3127745FF7002076BD /* PBXContainerItemProxy */;
		};
/* End PBXTargetDependency section */

/* Begin PBXVariantGroup section */
		02782E1927745FF5002076BD /* Main.storyboard */ = {
			isa = PBXVariantGroup;
			children = (
				02782E1A27745FF5002076BD /* Base */,
			);
			name = Main.storyboard;
			sourceTree = "<group>";
		};
		02782E1E27745FF6002076BD /* LaunchScreen.storyboard */ = {
			isa = PBXVariantGroup;
			children = (
				02782E1F27745FF6002076BD /* Base */,
			);
			name = LaunchScreen.storyboard;
			sourceTree = "<group>";
		};
/* End PBXVariantGroup section */

/* Begin XCBuildConfiguration section */
		02782E3827745FF7002076BD /* Debug */ = {
			isa = XCBuildConfiguration;
			buildSettings = {
				ALWAYS_SEARCH_USER_PATHS = NO;
				CLANG_ANALYZER_NONNULL = YES;
				CLANG_ANALYZER_NUMBER_OBJECT_CONVERSION = YES_AGGRESSIVE;
				CLANG_CXX_LANGUAGE_STANDARD = "gnu++17";
				CLANG_CXX_LIBRARY = "libc++";
				CLANG_ENABLE_MODULES = YES;
				CLANG_ENABLE_OBJC_ARC = YES;
				CLANG_ENABLE_OBJC_WEAK = YES;
				CLANG_WARN_BLOCK_CAPTURE_AUTORELEASING = YES;
				CLANG_WARN_BOOL_CONVERSION = YES;
				CLANG_WARN_COMMA = YES;
				CLANG_WARN_CONSTANT_CONVERSION = YES;
				CLANG_WARN_DEPRECATED_OBJC_IMPLEMENTATIONS = YES;
				CLANG_WARN_DIRECT_OBJC_ISA_USAGE = YES_ERROR;
				CLANG_WARN_DOCUMENTATION_COMMENTS = YES;
				CLANG_WARN_EMPTY_BODY = YES;
				CLANG_WARN_ENUM_CONVERSION = YES;
				CLANG_WARN_INFINITE_RECURSION = YES;
				CLANG_WARN_INT_CONVERSION = YES;
				CLANG_WARN_NON_LITERAL_NULL_CONVERSION = YES;
				CLANG_WARN_OBJC_IMPLICIT_RETAIN_SELF = YES;
				CLANG_WARN_OBJC_LITERAL_CONVERSION = YES;
				CLANG_WARN_OBJC_ROOT_CLASS = YES_ERROR;
				CLANG_WARN_QUOTED_INCLUDE_IN_FRAMEWORK_HEADER = YES;
				CLANG_WARN_RANGE_LOOP_ANALYSIS = YES;
				CLANG_WARN_STRICT_PROTOTYPES = YES;
				CLANG_WARN_SUSPICIOUS_MOVE = YES;
				CLANG_WARN_UNGUARDED_AVAILABILITY = YES_AGGRESSIVE;
				CLANG_WARN_UNREACHABLE_CODE = YES;
				CLANG_WARN__DUPLICATE_METHOD_MATCH = YES;
				COPY_PHASE_STRIP = NO;
				DEBUG_INFORMATION_FORMAT = dwarf;
				ENABLE_STRICT_OBJC_MSGSEND = YES;
				ENABLE_TESTABILITY = YES;
				GCC_C_LANGUAGE_STANDARD = gnu11;
				GCC_DYNAMIC_NO_PIC = NO;
				GCC_NO_COMMON_BLOCKS = YES;
				GCC_OPTIMIZATION_LEVEL = 0;
				GCC_PREPROCESSOR_DEFINITIONS = (
					"DEBUG=1",
					"$(inherited)",
				);
				GCC_WARN_64_TO_32_BIT_CONVERSION = YES;
				GCC_WARN_ABOUT_RETURN_TYPE = YES_ERROR;
				GCC_WARN_UNDECLARED_SELECTOR = YES;
				GCC_WARN_UNINITIALIZED_AUTOS = YES_AGGRESSIVE;
				GCC_WARN_UNUSED_FUNCTION = YES;
				GCC_WARN_UNUSED_VARIABLE = YES;
				IPHONEOS_DEPLOYMENT_TARGET = 15.2;
				MTL_ENABLE_DEBUG_INFO = INCLUDE_SOURCE;
				MTL_FAST_MATH = YES;
				ONLY_ACTIVE_ARCH = YES;
				SDKROOT = iphoneos;
				SWIFT_ACTIVE_COMPILATION_CONDITIONS = DEBUG;
				SWIFT_OPTIMIZATION_LEVEL = "-Onone";
			};
			name = Debug;
		};
		02782E3927745FF7002076BD /* Release */ = {
			isa = XCBuildConfiguration;
			buildSettings = {
				ALWAYS_SEARCH_USER_PATHS = NO;
				CLANG_ANALYZER_NONNULL = YES;
				CLANG_ANALYZER_NUMBER_OBJECT_CONVERSION = YES_AGGRESSIVE;
				CLANG_CXX_LANGUAGE_STANDARD = "gnu++17";
				CLANG_CXX_LIBRARY = "libc++";
				CLANG_ENABLE_MODULES = YES;
				CLANG_ENABLE_OBJC_ARC = YES;
				CLANG_ENABLE_OBJC_WEAK = YES;
				CLANG_WARN_BLOCK_CAPTURE_AUTORELEASING = YES;
				CLANG_WARN_BOOL_CONVERSION = YES;
				CLANG_WARN_COMMA = YES;
				CLANG_WARN_CONSTANT_CONVERSION = YES;
				CLANG_WARN_DEPRECATED_OBJC_IMPLEMENTATIONS = YES;
				CLANG_WARN_DIRECT_OBJC_ISA_USAGE = YES_ERROR;
				CLANG_WARN_DOCUMENTATION_COMMENTS = YES;
				CLANG_WARN_EMPTY_BODY = YES;
				CLANG_WARN_ENUM_CONVERSION = YES;
				CLANG_WARN_INFINITE_RECURSION = YES;
				CLANG_WARN_INT_CONVERSION = YES;
				CLANG_WARN_NON_LITERAL_NULL_CONVERSION = YES;
				CLANG_WARN_OBJC_IMPLICIT_RETAIN_SELF = YES;
				CLANG_WARN_OBJC_LITERAL_CONVERSION = YES;
				CLANG_WARN_OBJC_ROOT_CLASS = YES_ERROR;
				CLANG_WARN_QUOTED_INCLUDE_IN_FRAMEWORK_HEADER = YES;
				CLANG_WARN_RANGE_LOOP_ANALYSIS = YES;
				CLANG_WARN_STRICT_PROTOTYPES = YES;
				CLANG_WARN_SUSPICIOUS_MOVE = YES;
				CLANG_WARN_UNGUARDED_AVAILABILITY = YES_AGGRESSIVE;
				CLANG_WARN_UNREACHABLE_CODE = YES;
				CLANG_WARN__DUPLICATE_METHOD_MATCH = YES;
				COPY_PHASE_STRIP = NO;
				DEBUG_INFORMATION_FORMAT = "dwarf-with-dsym";
				ENABLE_NS_ASSERTIONS = NO;
				ENABLE_STRICT_OBJC_MSGSEND = YES;
				GCC_C_LANGUAGE_STANDARD = gnu11;
				GCC_NO_COMMON_BLOCKS = YES;
				GCC_WARN_64_TO_32_BIT_CONVERSION = YES;
				GCC_WARN_ABOUT_RETURN_TYPE = YES_ERROR;
				GCC_WARN_UNDECLARED_SELECTOR = YES;
				GCC_WARN_UNINITIALIZED_AUTOS = YES_AGGRESSIVE;
				GCC_WARN_UNUSED_FUNCTION = YES;
				GCC_WARN_UNUSED_VARIABLE = YES;
				IPHONEOS_DEPLOYMENT_TARGET = 15.2;
				MTL_ENABLE_DEBUG_INFO = NO;
				MTL_FAST_MATH = YES;
				SDKROOT = iphoneos;
				SWIFT_COMPILATION_MODE = wholemodule;
				SWIFT_OPTIMIZATION_LEVEL = "-O";
				VALIDATE_PRODUCT = YES;
			};
			name = Release;
		};
		02782E3B27745FF7002076BD /* Debug */ = {
			isa = XCBuildConfiguration;
			buildSettings = {
				ASSETCATALOG_COMPILER_APPICON_NAME = AppIcon;
				ASSETCATALOG_COMPILER_GLOBAL_ACCENT_COLOR_NAME = AccentColor;
				CODE_SIGN_STYLE = Automatic;
				CURRENT_PROJECT_VERSION = 1;
				DEVELOPMENT_TEAM = 3PHP3XA64F;
				GENERATE_INFOPLIST_FILE = YES;
				INFOPLIST_FILE = VacasaPractice/Info.plist;
				INFOPLIST_KEY_UIApplicationSupportsIndirectInputEvents = YES;
				INFOPLIST_KEY_UILaunchStoryboardName = LaunchScreen;
				INFOPLIST_KEY_UIMainStoryboardFile = Main;
				INFOPLIST_KEY_UISupportedInterfaceOrientations_iPad = "UIInterfaceOrientationPortrait UIInterfaceOrientationPortraitUpsideDown UIInterfaceOrientationLandscapeLeft UIInterfaceOrientationLandscapeRight";
				INFOPLIST_KEY_UISupportedInterfaceOrientations_iPhone = "UIInterfaceOrientationPortrait UIInterfaceOrientationLandscapeLeft UIInterfaceOrientationLandscapeRight";
				LD_RUNPATH_SEARCH_PATHS = (
					"$(inherited)",
					"@executable_path/Frameworks",
				);
				MARKETING_VERSION = 1.0;
				PRODUCT_BUNDLE_IDENTIFIER = devwithlove.VacasaPractice;
				PRODUCT_NAME = "$(TARGET_NAME)";
				SWIFT_EMIT_LOC_STRINGS = YES;
				SWIFT_VERSION = 5.0;
				TARGETED_DEVICE_FAMILY = "1,2";
			};
			name = Debug;
		};
		02782E3C27745FF7002076BD /* Release */ = {
			isa = XCBuildConfiguration;
			buildSettings = {
				ASSETCATALOG_COMPILER_APPICON_NAME = AppIcon;
				ASSETCATALOG_COMPILER_GLOBAL_ACCENT_COLOR_NAME = AccentColor;
				CODE_SIGN_STYLE = Automatic;
				CURRENT_PROJECT_VERSION = 1;
				DEVELOPMENT_TEAM = 3PHP3XA64F;
				GENERATE_INFOPLIST_FILE = YES;
				INFOPLIST_FILE = VacasaPractice/Info.plist;
				INFOPLIST_KEY_UIApplicationSupportsIndirectInputEvents = YES;
				INFOPLIST_KEY_UILaunchStoryboardName = LaunchScreen;
				INFOPLIST_KEY_UIMainStoryboardFile = Main;
				INFOPLIST_KEY_UISupportedInterfaceOrientations_iPad = "UIInterfaceOrientationPortrait UIInterfaceOrientationPortraitUpsideDown UIInterfaceOrientationLandscapeLeft UIInterfaceOrientationLandscapeRight";
				INFOPLIST_KEY_UISupportedInterfaceOrientations_iPhone = "UIInterfaceOrientationPortrait UIInterfaceOrientationLandscapeLeft UIInterfaceOrientationLandscapeRight";
				LD_RUNPATH_SEARCH_PATHS = (
					"$(inherited)",
					"@executable_path/Frameworks",
				);
				MARKETING_VERSION = 1.0;
				PRODUCT_BUNDLE_IDENTIFIER = devwithlove.VacasaPractice;
				PRODUCT_NAME = "$(TARGET_NAME)";
				SWIFT_EMIT_LOC_STRINGS = YES;
				SWIFT_VERSION = 5.0;
				TARGETED_DEVICE_FAMILY = "1,2";
			};
			name = Release;
		};
		02782E3E27745FF7002076BD /* Debug */ = {
			isa = XCBuildConfiguration;
			buildSettings = {
				ALWAYS_EMBED_SWIFT_STANDARD_LIBRARIES = YES;
				BUNDLE_LOADER = "$(TEST_HOST)";
				CODE_SIGN_STYLE = Automatic;
				CURRENT_PROJECT_VERSION = 1;
				DEVELOPMENT_TEAM = 3PHP3XA64F;
				GENERATE_INFOPLIST_FILE = YES;
				IPHONEOS_DEPLOYMENT_TARGET = 15.2;
				MARKETING_VERSION = 1.0;
				PRODUCT_BUNDLE_IDENTIFIER = devwithlove.VacasaPracticeTests;
				PRODUCT_NAME = "$(TARGET_NAME)";
				SWIFT_EMIT_LOC_STRINGS = NO;
				SWIFT_VERSION = 5.0;
				TARGETED_DEVICE_FAMILY = "1,2";
				TEST_HOST = "$(BUILT_PRODUCTS_DIR)/VacasaPractice.app/VacasaPractice";
			};
			name = Debug;
		};
		02782E3F27745FF7002076BD /* Release */ = {
			isa = XCBuildConfiguration;
			buildSettings = {
				ALWAYS_EMBED_SWIFT_STANDARD_LIBRARIES = YES;
				BUNDLE_LOADER = "$(TEST_HOST)";
				CODE_SIGN_STYLE = Automatic;
				CURRENT_PROJECT_VERSION = 1;
				DEVELOPMENT_TEAM = 3PHP3XA64F;
				GENERATE_INFOPLIST_FILE = YES;
				IPHONEOS_DEPLOYMENT_TARGET = 15.2;
				MARKETING_VERSION = 1.0;
				PRODUCT_BUNDLE_IDENTIFIER = devwithlove.VacasaPracticeTests;
				PRODUCT_NAME = "$(TARGET_NAME)";
				SWIFT_EMIT_LOC_STRINGS = NO;
				SWIFT_VERSION = 5.0;
				TARGETED_DEVICE_FAMILY = "1,2";
				TEST_HOST = "$(BUILT_PRODUCTS_DIR)/VacasaPractice.app/VacasaPractice";
			};
			name = Release;
		};
		02782E4127745FF7002076BD /* Debug */ = {
			isa = XCBuildConfiguration;
			buildSettings = {
				ALWAYS_EMBED_SWIFT_STANDARD_LIBRARIES = YES;
				CODE_SIGN_STYLE = Automatic;
				CURRENT_PROJECT_VERSION = 1;
				DEVELOPMENT_TEAM = 3PHP3XA64F;
				GENERATE_INFOPLIST_FILE = YES;
				MARKETING_VERSION = 1.0;
				PRODUCT_BUNDLE_IDENTIFIER = devwithlove.VacasaPracticeUITests;
				PRODUCT_NAME = "$(TARGET_NAME)";
				SWIFT_EMIT_LOC_STRINGS = NO;
				SWIFT_VERSION = 5.0;
				TARGETED_DEVICE_FAMILY = "1,2";
				TEST_TARGET_NAME = VacasaPractice;
			};
			name = Debug;
		};
		02782E4227745FF7002076BD /* Release */ = {
			isa = XCBuildConfiguration;
			buildSettings = {
				ALWAYS_EMBED_SWIFT_STANDARD_LIBRARIES = YES;
				CODE_SIGN_STYLE = Automatic;
				CURRENT_PROJECT_VERSION = 1;
				DEVELOPMENT_TEAM = 3PHP3XA64F;
				GENERATE_INFOPLIST_FILE = YES;
				MARKETING_VERSION = 1.0;
				PRODUCT_BUNDLE_IDENTIFIER = devwithlove.VacasaPracticeUITests;
				PRODUCT_NAME = "$(TARGET_NAME)";
				SWIFT_EMIT_LOC_STRINGS = NO;
				SWIFT_VERSION = 5.0;
				TARGETED_DEVICE_FAMILY = "1,2";
				TEST_TARGET_NAME = VacasaPractice;
			};
			name = Release;
		};
/* End XCBuildConfiguration section */

/* Begin XCConfigurationList section */
		02782E0B27745FF4002076BD /* Build configuration list for PBXProject "VacasaPractice" */ = {
			isa = XCConfigurationList;
			buildConfigurations = (
				02782E3827745FF7002076BD /* Debug */,
				02782E3927745FF7002076BD /* Release */,
			);
			defaultConfigurationIsVisible = 0;
			defaultConfigurationName = Release;
		};
		02782E3A27745FF7002076BD /* Build configuration list for PBXNativeTarget "VacasaPractice" */ = {
			isa = XCConfigurationList;
			buildConfigurations = (
				02782E3B27745FF7002076BD /* Debug */,
				02782E3C27745FF7002076BD /* Release */,
			);
			defaultConfigurationIsVisible = 0;
			defaultConfigurationName = Release;
		};
		02782E3D27745FF7002076BD /* Build configuration list for PBXNativeTarget "VacasaPracticeTests" */ = {
			isa = XCConfigurationList;
			buildConfigurations = (
				02782E3E27745FF7002076BD /* Debug */,
				02782E3F27745FF7002076BD /* Release */,
			);
			defaultConfigurationIsVisible = 0;
			defaultConfigurationName = Release;
		};
		02782E4027745FF7002076BD /* Build configuration list for PBXNativeTarget "VacasaPracticeUITests" */ = {
			isa = XCConfigurationList;
			buildConfigurations = (
				02782E4127745FF7002076BD /* Debug */,
				02782E4227745FF7002076BD /* Release */,
			);
			defaultConfigurationIsVisible = 0;
			defaultConfigurationName = Release;
		};
/* End XCConfigurationList section */

/* Begin XCRemoteSwiftPackageReference section */
		02782E5E2775155B002076BD /* XCRemoteSwiftPackageReference "SnapKit" */ = {
			isa = XCRemoteSwiftPackageReference;
			repositoryURL = "https://github.com/SnapKit/SnapKit.git";
			requirement = {
				kind = upToNextMajorVersion;
				minimumVersion = 5.0.0;
			};
		};
/* End XCRemoteSwiftPackageReference section */

/* Begin XCSwiftPackageProductDependency section */
		02782E5F2775155B002076BD /* SnapKit */ = {
			isa = XCSwiftPackageProductDependency;
			package = 02782E5E2775155B002076BD /* XCRemoteSwiftPackageReference "SnapKit" */;
			productName = SnapKit;
		};
/* End XCSwiftPackageProductDependency section */
	};
	rootObject = 02782E0827745FF4002076BD /* Project object */;
}
